// !$*UTF8*$!
{
	archiveVersion = 1;
	classes = {
	};
	objectVersion = 56;
	objects = {

/* Begin PBXBuildFile section */
		171635542BC2E80D0020B42D /* BluetoothManager.swift in Sources */ = {isa = PBXBuildFile; fileRef = 171635532BC2E80D0020B42D /* BluetoothManager.swift */; };
		171635592BC2EF240020B42D /* WorkerContainer.swift in Sources */ = {isa = PBXBuildFile; fileRef = 171635582BC2EF240020B42D /* WorkerContainer.swift */; };
		1716355C2BC2F3D50020B42D /* Enums.swift in Sources */ = {isa = PBXBuildFile; fileRef = 1716355B2BC2F3D50020B42D /* Enums.swift */; };
		171635622BC2F79F0020B42D /* DataViewController.swift in Sources */ = {isa = PBXBuildFile; fileRef = 171635612BC2F79F0020B42D /* DataViewController.swift */; };
		171635642BC2F8180020B42D /* DataWorkerProtocolCoord.swift in Sources */ = {isa = PBXBuildFile; fileRef = 171635632BC2F8180020B42D /* DataWorkerProtocolCoord.swift */; };
		171635662BC2F8C00020B42D /* MainWorkCoordProtocol.swift in Sources */ = {isa = PBXBuildFile; fileRef = 171635652BC2F8C00020B42D /* MainWorkCoordProtocol.swift */; };
		171635682BC2F8EE0020B42D /* DataWorkCoord.swift in Sources */ = {isa = PBXBuildFile; fileRef = 171635672BC2F8EE0020B42D /* DataWorkCoord.swift */; };
		1716356A2BC2FA750020B42D /* DataDirectCoordinator.swift in Sources */ = {isa = PBXBuildFile; fileRef = 171635692BC2FA750020B42D /* DataDirectCoordinator.swift */; };
		1716356C2BC2FAF60020B42D /* MainDirCoordProtocol.swift in Sources */ = {isa = PBXBuildFile; fileRef = 1716356B2BC2FAF60020B42D /* MainDirCoordProtocol.swift */; };
		1716356E2BC2FBED0020B42D /* DataDirController.swift in Sources */ = {isa = PBXBuildFile; fileRef = 1716356D2BC2FBED0020B42D /* DataDirController.swift */; };
		171635712BC2FE260020B42D /* DataWorkerView.swift in Sources */ = {isa = PBXBuildFile; fileRef = 171635702BC2FE260020B42D /* DataWorkerView.swift */; };
		171635732BC301910020B42D /* MLWorkerController.swift in Sources */ = {isa = PBXBuildFile; fileRef = 171635722BC301910020B42D /* MLWorkerController.swift */; };
		171635752BC301A80020B42D /* ListWorkerController.swift in Sources */ = {isa = PBXBuildFile; fileRef = 171635742BC301A80020B42D /* ListWorkerController.swift */; };
		171635772BC301B50020B42D /* HoursWorkerController.swift in Sources */ = {isa = PBXBuildFile; fileRef = 171635762BC301B50020B42D /* HoursWorkerController.swift */; };
		171635792BC302FC0020B42D /* HoursWorkerView.swift in Sources */ = {isa = PBXBuildFile; fileRef = 171635782BC302FC0020B42D /* HoursWorkerView.swift */; };
		1716357B2BC303070020B42D /* MLWorkersView.swift in Sources */ = {isa = PBXBuildFile; fileRef = 1716357A2BC303070020B42D /* MLWorkersView.swift */; };
		1716357D2BC303180020B42D /* ListWorkerView.swift in Sources */ = {isa = PBXBuildFile; fileRef = 1716357C2BC303180020B42D /* ListWorkerView.swift */; };
		1716357F2BC3073B0020B42D /* Scanner.swift in Sources */ = {isa = PBXBuildFile; fileRef = 1716357E2BC3073B0020B42D /* Scanner.swift */; };
		171635812BC315020020B42D /* WorkerCollectionViewCell.swift in Sources */ = {isa = PBXBuildFile; fileRef = 171635802BC315020020B42D /* WorkerCollectionViewCell.swift */; };
		171635842BC3B7F40020B42D /* DirectorContainer.swift in Sources */ = {isa = PBXBuildFile; fileRef = 171635832BC3B7F30020B42D /* DirectorContainer.swift */; };
		171635862BC3B8250020B42D /* ListDirectorController.swift in Sources */ = {isa = PBXBuildFile; fileRef = 171635852BC3B8250020B42D /* ListDirectorController.swift */; };
		171635882BC3B8360020B42D /* HoursDirectorController.swift in Sources */ = {isa = PBXBuildFile; fileRef = 171635872BC3B8360020B42D /* HoursDirectorController.swift */; };
		1716358A2BC3B84A0020B42D /* MLDirectorController.swift in Sources */ = {isa = PBXBuildFile; fileRef = 171635892BC3B84A0020B42D /* MLDirectorController.swift */; };
		1716358E2BC3B91C0020B42D /* ScannerCore.swift in Sources */ = {isa = PBXBuildFile; fileRef = 1716358D2BC3B91C0020B42D /* ScannerCore.swift */; };
		171635912BC3C2500020B42D /* WorkerDayDiagram.swift in Sources */ = {isa = PBXBuildFile; fileRef = 171635902BC3C2500020B42D /* WorkerDayDiagram.swift */; };
		171635932BC3C7980020B42D /* WorkerFullDiagram.swift in Sources */ = {isa = PBXBuildFile; fileRef = 171635922BC3C7980020B42D /* WorkerFullDiagram.swift */; };
		171635992BC3F10C0020B42D /* DataManager.swift in Sources */ = {isa = PBXBuildFile; fileRef = 171635982BC3F10C0020B42D /* DataManager.swift */; };
		1716359C2BC3F1320020B42D /* DataManagerProtocol.swift in Sources */ = {isa = PBXBuildFile; fileRef = 1716359B2BC3F1320020B42D /* DataManagerProtocol.swift */; };
		1716359F2BC3F1670020B42D /* DataErrors.swift in Sources */ = {isa = PBXBuildFile; fileRef = 1716359E2BC3F1670020B42D /* DataErrors.swift */; };
		171635AB2BC3F6A90020B42D /* MyNewUser+CoreDataProperties.swift in Sources */ = {isa = PBXBuildFile; fileRef = 171635A92BC3F6A90020B42D /* MyNewUser+CoreDataProperties.swift */; };
		171635AD2BC425E70020B42D /* DataPresentController.swift in Sources */ = {isa = PBXBuildFile; fileRef = 171635AC2BC425E70020B42D /* DataPresentController.swift */; };
		171635AF2BC429C80020B42D /* DataPresentView.swift in Sources */ = {isa = PBXBuildFile; fileRef = 171635AE2BC429C80020B42D /* DataPresentView.swift */; };
		171635B12BC432C30020B42D /* InfoDirectorController.swift in Sources */ = {isa = PBXBuildFile; fileRef = 171635B02BC432C30020B42D /* InfoDirectorController.swift */; };
		171635B32BC432D60020B42D /* InfoDirectorView.swift in Sources */ = {isa = PBXBuildFile; fileRef = 171635B22BC432D60020B42D /* InfoDirectorView.swift */; };
		171635B62BC434510020B42D /* DirectorSource.swift in Sources */ = {isa = PBXBuildFile; fileRef = 171635B52BC434510020B42D /* DirectorSource.swift */; };
		171635B82BC438ED0020B42D /* InfoDirectorTable.swift in Sources */ = {isa = PBXBuildFile; fileRef = 171635B72BC438ED0020B42D /* InfoDirectorTable.swift */; };
		171635BA2BC43E900020B42D /* DataDirectorView.swift in Sources */ = {isa = PBXBuildFile; fileRef = 171635B92BC43E900020B42D /* DataDirectorView.swift */; };
		171635BC2BC43EA40020B42D /* HoursDirectorView.swift in Sources */ = {isa = PBXBuildFile; fileRef = 171635BB2BC43EA40020B42D /* HoursDirectorView.swift */; };
		171635BE2BC43EB40020B42D /* MLDirectorView.swift in Sources */ = {isa = PBXBuildFile; fileRef = 171635BD2BC43EB40020B42D /* MLDirectorView.swift */; };
		171635C02BC43EC90020B42D /* ListDirectorView.swift in Sources */ = {isa = PBXBuildFile; fileRef = 171635BF2BC43EC90020B42D /* ListDirectorView.swift */; };
		171635C22BC44AEB0020B42D /* ChooseDirController.swift in Sources */ = {isa = PBXBuildFile; fileRef = 171635C12BC44AEB0020B42D /* ChooseDirController.swift */; };
		171635C42BC44AFF0020B42D /* ChooseDirView.swift in Sources */ = {isa = PBXBuildFile; fileRef = 171635C32BC44AFF0020B42D /* ChooseDirView.swift */; };
		171635C62BC45E490020B42D /* DataPresentDirController.swift in Sources */ = {isa = PBXBuildFile; fileRef = 171635C52BC45E490020B42D /* DataPresentDirController.swift */; };
		171635C82BC45E5A0020B42D /* InfoWorkerController.swift in Sources */ = {isa = PBXBuildFile; fileRef = 171635C72BC45E5A0020B42D /* InfoWorkerController.swift */; };
		171635CA2BC45E670020B42D /* ChooseWorkController.swift in Sources */ = {isa = PBXBuildFile; fileRef = 171635C92BC45E670020B42D /* ChooseWorkController.swift */; };
		171635CC2BC45EC40020B42D /* DataPresentDirView.swift in Sources */ = {isa = PBXBuildFile; fileRef = 171635CB2BC45EC40020B42D /* DataPresentDirView.swift */; };
		171635CE2BC45ED40020B42D /* InfoWorkerView.swift in Sources */ = {isa = PBXBuildFile; fileRef = 171635CD2BC45ED40020B42D /* InfoWorkerView.swift */; };
		171635D02BC45EE80020B42D /* ChooseWorkerView.swift in Sources */ = {isa = PBXBuildFile; fileRef = 171635CF2BC45EE80020B42D /* ChooseWorkerView.swift */; };
		172DF5CB2BC696FD00E4AA0C /* NetworkManager.swift in Sources */ = {isa = PBXBuildFile; fileRef = 172DF5CA2BC696FD00E4AA0C /* NetworkManager.swift */; };
		172DF5CD2BC6F19400E4AA0C /* NetworkErrors.swift in Sources */ = {isa = PBXBuildFile; fileRef = 172DF5CC2BC6F19400E4AA0C /* NetworkErrors.swift */; };
		172DF5CF2BC70BD200E4AA0C /* DirectorTasksColl.swift in Sources */ = {isa = PBXBuildFile; fileRef = 172DF5CE2BC70BD200E4AA0C /* DirectorTasksColl.swift */; };
		172DF5D12BC80F8800E4AA0C /* ColourExtension.swift in Sources */ = {isa = PBXBuildFile; fileRef = 172DF5D02BC80F8800E4AA0C /* ColourExtension.swift */; };
		172DF5D42BC8132200E4AA0C /* pep.json in Resources */ = {isa = PBXBuildFile; fileRef = 172DF5D32BC8132100E4AA0C /* pep.json */; };
		172DF5D72BC86AB800E4AA0C /* PostrgresManager.swift in Sources */ = {isa = PBXBuildFile; fileRef = 172DF5D62BC86AB800E4AA0C /* PostrgresManager.swift */; };
		172DF5DA2BC86BB200E4AA0C /* PostgresClientKit in Frameworks */ = {isa = PBXBuildFile; productRef = 172DF5D92BC86BB200E4AA0C /* PostgresClientKit */; };
		172DF5DC2BC86C4200E4AA0C /* PostgresErrors.swift in Sources */ = {isa = PBXBuildFile; fileRef = 172DF5DB2BC86C4200E4AA0C /* PostgresErrors.swift */; };
		172DF5DE2BC904CC00E4AA0C /* Resnet50.mlmodel in Sources */ = {isa = PBXBuildFile; fileRef = 172DF5DD2BC904CC00E4AA0C /* Resnet50.mlmodel */; };
		172DF5E02BC91D0100E4AA0C /* fonts.otf in Resources */ = {isa = PBXBuildFile; fileRef = 172DF5DF2BC91D0100E4AA0C /* fonts.otf */; };
		172DF5E22BC9227800E4AA0C /* person.json in Resources */ = {isa = PBXBuildFile; fileRef = 172DF5E12BC9227700E4AA0C /* person.json */; };
		172DF5E52BC9554700E4AA0C /* MyTimeController.swift in Sources */ = {isa = PBXBuildFile; fileRef = 172DF5E42BC9554700E4AA0C /* MyTimeController.swift */; };
		172DF5E82BC955A600E4AA0C /* MyTimeView.swift in Sources */ = {isa = PBXBuildFile; fileRef = 172DF5E72BC955A600E4AA0C /* MyTimeView.swift */; };
		172DF5EA2BC9D52100E4AA0C /* AttentionViewController.swift in Sources */ = {isa = PBXBuildFile; fileRef = 172DF5E92BC9D52100E4AA0C /* AttentionViewController.swift */; };
		172DF5EC2BC9D5B300E4AA0C /* AttentionCollection.swift in Sources */ = {isa = PBXBuildFile; fileRef = 172DF5EB2BC9D5B300E4AA0C /* AttentionCollection.swift */; };
		172DF5EE2BC9D67400E4AA0C /* AttentionView.swift in Sources */ = {isa = PBXBuildFile; fileRef = 172DF5ED2BC9D67400E4AA0C /* AttentionView.swift */; };
		176C51572BD114BB00200911 /* NotificationManager.swift in Sources */ = {isa = PBXBuildFile; fileRef = 176C51562BD114BB00200911 /* NotificationManager.swift */; };
		176C515A2BD115B000200911 /* FaceIDManager.swift in Sources */ = {isa = PBXBuildFile; fileRef = 176C51592BD115B000200911 /* FaceIDManager.swift */; };
		176C515E2BD1365000200911 /* TimeInfo+CoreDataProperties.swift in Sources */ = {isa = PBXBuildFile; fileRef = 176C515C2BD1365000200911 /* TimeInfo+CoreDataProperties.swift */; };
		176C51602BD136F600200911 /* TimeDataManager.swift in Sources */ = {isa = PBXBuildFile; fileRef = 176C515F2BD136F600200911 /* TimeDataManager.swift */; };
		177317242BC55D01000E828C /* InfoTimeController.swift in Sources */ = {isa = PBXBuildFile; fileRef = 177317232BC55D01000E828C /* InfoTimeController.swift */; };
		177317262BC55D4C000E828C /* InfoTimeView.swift in Sources */ = {isa = PBXBuildFile; fileRef = 177317252BC55D4C000E828C /* InfoTimeView.swift */; };
		177317282BC578BB000E828C /* TableTimeForDir.swift in Sources */ = {isa = PBXBuildFile; fileRef = 177317272BC578BB000E828C /* TableTimeForDir.swift */; };
		1773172C2BC58216000E828C /* Lottie in Frameworks */ = {isa = PBXBuildFile; productRef = 1773172B2BC58216000E828C /* Lottie */; };
		177317312BC5834A000E828C /* Present.json in Resources */ = {isa = PBXBuildFile; fileRef = 177317302BC5834A000E828C /* Present.json */; };
		177317332BC5843D000E828C /* New.json in Resources */ = {isa = PBXBuildFile; fileRef = 177317322BC5843D000E828C /* New.json */; };
		177317352BC5861D000E828C /* BluetoothController.swift in Sources */ = {isa = PBXBuildFile; fileRef = 177317342BC5861D000E828C /* BluetoothController.swift */; };
		177317372BC58656000E828C /* BluetoothView.swift in Sources */ = {isa = PBXBuildFile; fileRef = 177317362BC58656000E828C /* BluetoothView.swift */; };
		177317392BC59106000E828C /* BluetoothTable.swift in Sources */ = {isa = PBXBuildFile; fileRef = 177317382BC59106000E828C /* BluetoothTable.swift */; };
		1773173B2BC5E89C000E828C /* FirstCollectionView.swift in Sources */ = {isa = PBXBuildFile; fileRef = 1773173A2BC5E89C000E828C /* FirstCollectionView.swift */; };
		1796B39E2BC147C7008290F7 /* AppDelegate.swift in Sources */ = {isa = PBXBuildFile; fileRef = 1796B39D2BC147C7008290F7 /* AppDelegate.swift */; };
		1796B3A02BC147C7008290F7 /* SceneDelegate.swift in Sources */ = {isa = PBXBuildFile; fileRef = 1796B39F2BC147C7008290F7 /* SceneDelegate.swift */; };
		1796B3A22BC147C7008290F7 /* AuthController.swift in Sources */ = {isa = PBXBuildFile; fileRef = 1796B3A12BC147C7008290F7 /* AuthController.swift */; };
		1796B3A82BC147C7008290F7 /* WorkTracker.xcdatamodeld in Sources */ = {isa = PBXBuildFile; fileRef = 1796B3A62BC147C7008290F7 /* WorkTracker.xcdatamodeld */; };
		1796B3AA2BC147C9008290F7 /* Assets.xcassets in Resources */ = {isa = PBXBuildFile; fileRef = 1796B3A92BC147C9008290F7 /* Assets.xcassets */; };
		1796B3AD2BC147C9008290F7 /* Base in Resources */ = {isa = PBXBuildFile; fileRef = 1796B3AC2BC147C9008290F7 /* Base */; };
		1796B3B82BC147C9008290F7 /* WorkTrackerTests.swift in Sources */ = {isa = PBXBuildFile; fileRef = 1796B3B72BC147C9008290F7 /* WorkTrackerTests.swift */; };
		1796B3C22BC147C9008290F7 /* WorkTrackerUITests.swift in Sources */ = {isa = PBXBuildFile; fileRef = 1796B3C12BC147C9008290F7 /* WorkTrackerUITests.swift */; };
		1796B3C42BC147C9008290F7 /* WorkTrackerUITestsLaunchTests.swift in Sources */ = {isa = PBXBuildFile; fileRef = 1796B3C32BC147C9008290F7 /* WorkTrackerUITestsLaunchTests.swift */; };
		1796B3D92BC14C40008290F7 /* Coordinator.swift in Sources */ = {isa = PBXBuildFile; fileRef = 1796B3D82BC14C40008290F7 /* Coordinator.swift */; };
		1796B3DB2BC14D15008290F7 /* RootCoordinator.swift in Sources */ = {isa = PBXBuildFile; fileRef = 1796B3DA2BC14D15008290F7 /* RootCoordinator.swift */; };
		1796B3DD2BC14D4D008290F7 /* AppCoordinator.swift in Sources */ = {isa = PBXBuildFile; fileRef = 1796B3DC2BC14D4D008290F7 /* AppCoordinator.swift */; };
		1796B3DF2BC1503D008290F7 /* AuthCoordinator.swift in Sources */ = {isa = PBXBuildFile; fileRef = 1796B3DE2BC1503D008290F7 /* AuthCoordinator.swift */; };
		1796B3E32BC150A6008290F7 /* AuthCoordinatorProtocol.swift in Sources */ = {isa = PBXBuildFile; fileRef = 1796B3E22BC150A6008290F7 /* AuthCoordinatorProtocol.swift */; };
		1796B3E72BC153D3008290F7 /* MainWorkerController.swift in Sources */ = {isa = PBXBuildFile; fileRef = 1796B3E62BC153D3008290F7 /* MainWorkerController.swift */; };
		1796B3E92BC153EE008290F7 /* MainDirectorController.swift in Sources */ = {isa = PBXBuildFile; fileRef = 1796B3E82BC153EE008290F7 /* MainDirectorController.swift */; };
		1796B3EE2BC15521008290F7 /* MainWorkerCoordinator.swift in Sources */ = {isa = PBXBuildFile; fileRef = 1796B3ED2BC15521008290F7 /* MainWorkerCoordinator.swift */; };
		1796B3F22BC15562008290F7 /* MainDirectorCoordinator.swift in Sources */ = {isa = PBXBuildFile; fileRef = 1796B3F12BC15562008290F7 /* MainDirectorCoordinator.swift */; };
		1796B3F42BC157DF008290F7 /* AuthWorkerCoord.swift in Sources */ = {isa = PBXBuildFile; fileRef = 1796B3F32BC157DF008290F7 /* AuthWorkerCoord.swift */; };
		1796B3F62BC1580C008290F7 /* AuthDirectorCoord.swift in Sources */ = {isa = PBXBuildFile; fileRef = 1796B3F52BC1580C008290F7 /* AuthDirectorCoord.swift */; };
		1796B3F82BC158B0008290F7 /* AuthWorkController.swift in Sources */ = {isa = PBXBuildFile; fileRef = 1796B3F72BC158B0008290F7 /* AuthWorkController.swift */; };
		1796B3FA2BC158C9008290F7 /* AuthDirController.swift in Sources */ = {isa = PBXBuildFile; fileRef = 1796B3F92BC158C9008290F7 /* AuthDirController.swift */; };
		1796B3FC2BC15BBA008290F7 /* GoogleService-Info.plist in Resources */ = {isa = PBXBuildFile; fileRef = 1796B3FB2BC15BBA008290F7 /* GoogleService-Info.plist */; };
		1796B3FF2BC15C85008290F7 /* FirebaseAuth in Frameworks */ = {isa = PBXBuildFile; productRef = 1796B3FE2BC15C85008290F7 /* FirebaseAuth */; };
		1796B4012BC15C85008290F7 /* FirebaseDatabase in Frameworks */ = {isa = PBXBuildFile; productRef = 1796B4002BC15C85008290F7 /* FirebaseDatabase */; };
		1796B4032BC15C85008290F7 /* FirebaseFirestore in Frameworks */ = {isa = PBXBuildFile; productRef = 1796B4022BC15C85008290F7 /* FirebaseFirestore */; };
		1796B4052BC15C85008290F7 /* FirebaseStorage in Frameworks */ = {isa = PBXBuildFile; productRef = 1796B4042BC15C85008290F7 /* FirebaseStorage */; };
		1796B4082BC166A8008290F7 /* AuthView.swift in Sources */ = {isa = PBXBuildFile; fileRef = 1796B4072BC166A8008290F7 /* AuthView.swift */; };
		1796B40B2BC16977008290F7 /* Vetrino.otf in Resources */ = {isa = PBXBuildFile; fileRef = 1796B40A2BC16977008290F7 /* Vetrino.otf */; };
		1796B40D2BC169CE008290F7 /* BrassMono-Regular.ttf in Resources */ = {isa = PBXBuildFile; fileRef = 1796B40C2BC169CE008290F7 /* BrassMono-Regular.ttf */; };
		1796B4982BC190A1008290F7 /* AuthDirView.swift in Sources */ = {isa = PBXBuildFile; fileRef = 1796B4972BC190A1008290F7 /* AuthDirView.swift */; };
		1796B49A2BC190AC008290F7 /* AuthWorkerView.swift in Sources */ = {isa = PBXBuildFile; fileRef = 1796B4992BC190AC008290F7 /* AuthWorkerView.swift */; };
		1796B49F2BC19EE3008290F7 /* NumberManager.swift in Sources */ = {isa = PBXBuildFile; fileRef = 1796B49E2BC19EE2008290F7 /* NumberManager.swift */; };
		1796B4A52BC1A4E3008290F7 /* MainWorkerView.swift in Sources */ = {isa = PBXBuildFile; fileRef = 1796B4A42BC1A4E3008290F7 /* MainWorkerView.swift */; };
		1796B4A92BC1A562008290F7 /* MainDirectorView.swift in Sources */ = {isa = PBXBuildFile; fileRef = 1796B4A82BC1A562008290F7 /* MainDirectorView.swift */; };
		1796B4AB2BC1A68F008290F7 /* CodeManager.swift in Sources */ = {isa = PBXBuildFile; fileRef = 1796B4AA2BC1A68F008290F7 /* CodeManager.swift */; };
		1796B4AE2BC1C4FA008290F7 /* AuthManager.swift in Sources */ = {isa = PBXBuildFile; fileRef = 1796B4AD2BC1C4F9008290F7 /* AuthManager.swift */; };
		1796B4B02BC1EC2F008290F7 /* AuthWorkProtocol.swift in Sources */ = {isa = PBXBuildFile; fileRef = 1796B4AF2BC1EC2F008290F7 /* AuthWorkProtocol.swift */; };
		1796B4B22BC1F20D008290F7 /* AuthDirProtocol.swift in Sources */ = {isa = PBXBuildFile; fileRef = 1796B4B12BC1F20D008290F7 /* AuthDirProtocol.swift */; };
		17B9D3632BC47B4C003C38BE /* InfoAllDirectors.swift in Sources */ = {isa = PBXBuildFile; fileRef = 17B9D3622BC47B4C003C38BE /* InfoAllDirectors.swift */; };
		17B9D3652BC47C1D003C38BE /* InfoAllDirController.swift in Sources */ = {isa = PBXBuildFile; fileRef = 17B9D3642BC47C1D003C38BE /* InfoAllDirController.swift */; };
		17B9D3672BC47DC3003C38BE /* InfoAllDirectorView.swift in Sources */ = {isa = PBXBuildFile; fileRef = 17B9D3662BC47DC3003C38BE /* InfoAllDirectorView.swift */; };
		17B9D3692BC50962003C38BE /* InfoAllWorkController.swift in Sources */ = {isa = PBXBuildFile; fileRef = 17B9D3682BC50962003C38BE /* InfoAllWorkController.swift */; };
		17B9D36B2BC509F4003C38BE /* InfoAllWorkView.swift in Sources */ = {isa = PBXBuildFile; fileRef = 17B9D36A2BC509F4003C38BE /* InfoAllWorkView.swift */; };
		17B9D36D2BC50B29003C38BE /* InfoAllWorkers.swift in Sources */ = {isa = PBXBuildFile; fileRef = 17B9D36C2BC50B29003C38BE /* InfoAllWorkers.swift */; };
		17B9D3702BC5140A003C38BE /* GetTaskController.swift in Sources */ = {isa = PBXBuildFile; fileRef = 17B9D36F2BC5140A003C38BE /* GetTaskController.swift */; };
		17B9D3732BC51698003C38BE /* GetTasksView.swift in Sources */ = {isa = PBXBuildFile; fileRef = 17B9D3722BC51698003C38BE /* GetTasksView.swift */; };
		17B9D3752BC5172B003C38BE /* GetTaskTable.swift in Sources */ = {isa = PBXBuildFile; fileRef = 17B9D3742BC5172B003C38BE /* GetTaskTable.swift */; };
		17B9D3772BC51854003C38BE /* FastView.swift in Sources */ = {isa = PBXBuildFile; fileRef = 17B9D3762BC51854003C38BE /* FastView.swift */; };
		17B9D3792BC51C83003C38BE /* AddMyTaskController.swift in Sources */ = {isa = PBXBuildFile; fileRef = 17B9D3782BC51C83003C38BE /* AddMyTaskController.swift */; };
		17B9D37B2BC51CDF003C38BE /* AddMyTaskView.swift in Sources */ = {isa = PBXBuildFile; fileRef = 17B9D37A2BC51CDF003C38BE /* AddMyTaskView.swift */; };
/* End PBXBuildFile section */

/* Begin PBXContainerItemProxy section */
		1796B3B42BC147C9008290F7 /* PBXContainerItemProxy */ = {
			isa = PBXContainerItemProxy;
			containerPortal = 1796B3922BC147C7008290F7 /* Project object */;
			proxyType = 1;
			remoteGlobalIDString = 1796B3992BC147C7008290F7;
			remoteInfo = WorkTracker;
		};
		1796B3BE2BC147C9008290F7 /* PBXContainerItemProxy */ = {
			isa = PBXContainerItemProxy;
			containerPortal = 1796B3922BC147C7008290F7 /* Project object */;
			proxyType = 1;
			remoteGlobalIDString = 1796B3992BC147C7008290F7;
			remoteInfo = WorkTracker;
		};
/* End PBXContainerItemProxy section */

/* Begin PBXFileReference section */
		171635532BC2E80D0020B42D /* BluetoothManager.swift */ = {isa = PBXFileReference; lastKnownFileType = sourcecode.swift; path = BluetoothManager.swift; sourceTree = "<group>"; };
		171635582BC2EF240020B42D /* WorkerContainer.swift */ = {isa = PBXFileReference; lastKnownFileType = sourcecode.swift; path = WorkerContainer.swift; sourceTree = "<group>"; };
		1716355B2BC2F3D50020B42D /* Enums.swift */ = {isa = PBXFileReference; lastKnownFileType = sourcecode.swift; path = Enums.swift; sourceTree = "<group>"; };
		171635612BC2F79F0020B42D /* DataViewController.swift */ = {isa = PBXFileReference; lastKnownFileType = sourcecode.swift; path = DataViewController.swift; sourceTree = "<group>"; };
		171635632BC2F8180020B42D /* DataWorkerProtocolCoord.swift */ = {isa = PBXFileReference; lastKnownFileType = sourcecode.swift; path = DataWorkerProtocolCoord.swift; sourceTree = "<group>"; };
		171635652BC2F8C00020B42D /* MainWorkCoordProtocol.swift */ = {isa = PBXFileReference; lastKnownFileType = sourcecode.swift; path = MainWorkCoordProtocol.swift; sourceTree = "<group>"; };
		171635672BC2F8EE0020B42D /* DataWorkCoord.swift */ = {isa = PBXFileReference; lastKnownFileType = sourcecode.swift; path = DataWorkCoord.swift; sourceTree = "<group>"; };
		171635692BC2FA750020B42D /* DataDirectCoordinator.swift */ = {isa = PBXFileReference; lastKnownFileType = sourcecode.swift; path = DataDirectCoordinator.swift; sourceTree = "<group>"; };
		1716356B2BC2FAF60020B42D /* MainDirCoordProtocol.swift */ = {isa = PBXFileReference; lastKnownFileType = sourcecode.swift; path = MainDirCoordProtocol.swift; sourceTree = "<group>"; };
		1716356D2BC2FBED0020B42D /* DataDirController.swift */ = {isa = PBXFileReference; lastKnownFileType = sourcecode.swift; path = DataDirController.swift; sourceTree = "<group>"; };
		171635702BC2FE260020B42D /* DataWorkerView.swift */ = {isa = PBXFileReference; lastKnownFileType = sourcecode.swift; path = DataWorkerView.swift; sourceTree = "<group>"; };
		171635722BC301910020B42D /* MLWorkerController.swift */ = {isa = PBXFileReference; lastKnownFileType = sourcecode.swift; path = MLWorkerController.swift; sourceTree = "<group>"; };
		171635742BC301A80020B42D /* ListWorkerController.swift */ = {isa = PBXFileReference; lastKnownFileType = sourcecode.swift; path = ListWorkerController.swift; sourceTree = "<group>"; };
		171635762BC301B50020B42D /* HoursWorkerController.swift */ = {isa = PBXFileReference; lastKnownFileType = sourcecode.swift; path = HoursWorkerController.swift; sourceTree = "<group>"; };
		171635782BC302FC0020B42D /* HoursWorkerView.swift */ = {isa = PBXFileReference; lastKnownFileType = sourcecode.swift; path = HoursWorkerView.swift; sourceTree = "<group>"; };
		1716357A2BC303070020B42D /* MLWorkersView.swift */ = {isa = PBXFileReference; lastKnownFileType = sourcecode.swift; path = MLWorkersView.swift; sourceTree = "<group>"; };
		1716357C2BC303180020B42D /* ListWorkerView.swift */ = {isa = PBXFileReference; lastKnownFileType = sourcecode.swift; path = ListWorkerView.swift; sourceTree = "<group>"; };
		1716357E2BC3073B0020B42D /* Scanner.swift */ = {isa = PBXFileReference; lastKnownFileType = sourcecode.swift; path = Scanner.swift; sourceTree = "<group>"; };
		171635802BC315020020B42D /* WorkerCollectionViewCell.swift */ = {isa = PBXFileReference; lastKnownFileType = sourcecode.swift; path = WorkerCollectionViewCell.swift; sourceTree = "<group>"; };
		171635832BC3B7F30020B42D /* DirectorContainer.swift */ = {isa = PBXFileReference; lastKnownFileType = sourcecode.swift; path = DirectorContainer.swift; sourceTree = "<group>"; };
		171635852BC3B8250020B42D /* ListDirectorController.swift */ = {isa = PBXFileReference; lastKnownFileType = sourcecode.swift; path = ListDirectorController.swift; sourceTree = "<group>"; };
		171635872BC3B8360020B42D /* HoursDirectorController.swift */ = {isa = PBXFileReference; lastKnownFileType = sourcecode.swift; path = HoursDirectorController.swift; sourceTree = "<group>"; };
		171635892BC3B84A0020B42D /* MLDirectorController.swift */ = {isa = PBXFileReference; lastKnownFileType = sourcecode.swift; path = MLDirectorController.swift; sourceTree = "<group>"; };
		1716358D2BC3B91C0020B42D /* ScannerCore.swift */ = {isa = PBXFileReference; lastKnownFileType = sourcecode.swift; path = ScannerCore.swift; sourceTree = "<group>"; };
		171635902BC3C2500020B42D /* WorkerDayDiagram.swift */ = {isa = PBXFileReference; lastKnownFileType = sourcecode.swift; path = WorkerDayDiagram.swift; sourceTree = "<group>"; };
		171635922BC3C7980020B42D /* WorkerFullDiagram.swift */ = {isa = PBXFileReference; lastKnownFileType = sourcecode.swift; path = WorkerFullDiagram.swift; sourceTree = "<group>"; };
		171635982BC3F10C0020B42D /* DataManager.swift */ = {isa = PBXFileReference; lastKnownFileType = sourcecode.swift; path = DataManager.swift; sourceTree = "<group>"; };
		1716359B2BC3F1320020B42D /* DataManagerProtocol.swift */ = {isa = PBXFileReference; lastKnownFileType = sourcecode.swift; path = DataManagerProtocol.swift; sourceTree = "<group>"; };
		1716359E2BC3F1670020B42D /* DataErrors.swift */ = {isa = PBXFileReference; lastKnownFileType = sourcecode.swift; path = DataErrors.swift; sourceTree = "<group>"; };
		171635A92BC3F6A90020B42D /* MyNewUser+CoreDataProperties.swift */ = {isa = PBXFileReference; lastKnownFileType = sourcecode.swift; path = "MyNewUser+CoreDataProperties.swift"; sourceTree = "<group>"; };
		171635AC2BC425E70020B42D /* DataPresentController.swift */ = {isa = PBXFileReference; lastKnownFileType = sourcecode.swift; path = DataPresentController.swift; sourceTree = "<group>"; };
		171635AE2BC429C80020B42D /* DataPresentView.swift */ = {isa = PBXFileReference; lastKnownFileType = sourcecode.swift; path = DataPresentView.swift; sourceTree = "<group>"; };
		171635B02BC432C30020B42D /* InfoDirectorController.swift */ = {isa = PBXFileReference; lastKnownFileType = sourcecode.swift; path = InfoDirectorController.swift; sourceTree = "<group>"; };
		171635B22BC432D60020B42D /* InfoDirectorView.swift */ = {isa = PBXFileReference; lastKnownFileType = sourcecode.swift; path = InfoDirectorView.swift; sourceTree = "<group>"; };
		171635B52BC434510020B42D /* DirectorSource.swift */ = {isa = PBXFileReference; lastKnownFileType = sourcecode.swift; path = DirectorSource.swift; sourceTree = "<group>"; };
		171635B72BC438ED0020B42D /* InfoDirectorTable.swift */ = {isa = PBXFileReference; lastKnownFileType = sourcecode.swift; path = InfoDirectorTable.swift; sourceTree = "<group>"; };
		171635B92BC43E900020B42D /* DataDirectorView.swift */ = {isa = PBXFileReference; lastKnownFileType = sourcecode.swift; path = DataDirectorView.swift; sourceTree = "<group>"; };
		171635BB2BC43EA40020B42D /* HoursDirectorView.swift */ = {isa = PBXFileReference; lastKnownFileType = sourcecode.swift; path = HoursDirectorView.swift; sourceTree = "<group>"; };
		171635BD2BC43EB40020B42D /* MLDirectorView.swift */ = {isa = PBXFileReference; lastKnownFileType = sourcecode.swift; path = MLDirectorView.swift; sourceTree = "<group>"; };
		171635BF2BC43EC90020B42D /* ListDirectorView.swift */ = {isa = PBXFileReference; lastKnownFileType = sourcecode.swift; path = ListDirectorView.swift; sourceTree = "<group>"; };
		171635C12BC44AEB0020B42D /* ChooseDirController.swift */ = {isa = PBXFileReference; lastKnownFileType = sourcecode.swift; path = ChooseDirController.swift; sourceTree = "<group>"; };
		171635C32BC44AFF0020B42D /* ChooseDirView.swift */ = {isa = PBXFileReference; lastKnownFileType = sourcecode.swift; path = ChooseDirView.swift; sourceTree = "<group>"; };
		171635C52BC45E490020B42D /* DataPresentDirController.swift */ = {isa = PBXFileReference; lastKnownFileType = sourcecode.swift; path = DataPresentDirController.swift; sourceTree = "<group>"; };
		171635C72BC45E5A0020B42D /* InfoWorkerController.swift */ = {isa = PBXFileReference; lastKnownFileType = sourcecode.swift; path = InfoWorkerController.swift; sourceTree = "<group>"; };
		171635C92BC45E670020B42D /* ChooseWorkController.swift */ = {isa = PBXFileReference; lastKnownFileType = sourcecode.swift; path = ChooseWorkController.swift; sourceTree = "<group>"; };
		171635CB2BC45EC40020B42D /* DataPresentDirView.swift */ = {isa = PBXFileReference; lastKnownFileType = sourcecode.swift; path = DataPresentDirView.swift; sourceTree = "<group>"; };
		171635CD2BC45ED40020B42D /* InfoWorkerView.swift */ = {isa = PBXFileReference; lastKnownFileType = sourcecode.swift; path = InfoWorkerView.swift; sourceTree = "<group>"; };
		171635CF2BC45EE80020B42D /* ChooseWorkerView.swift */ = {isa = PBXFileReference; lastKnownFileType = sourcecode.swift; path = ChooseWorkerView.swift; sourceTree = "<group>"; };
		172DF5CA2BC696FD00E4AA0C /* NetworkManager.swift */ = {isa = PBXFileReference; lastKnownFileType = sourcecode.swift; path = NetworkManager.swift; sourceTree = "<group>"; };
		172DF5CC2BC6F19400E4AA0C /* NetworkErrors.swift */ = {isa = PBXFileReference; lastKnownFileType = sourcecode.swift; path = NetworkErrors.swift; sourceTree = "<group>"; };
		172DF5CE2BC70BD200E4AA0C /* DirectorTasksColl.swift */ = {isa = PBXFileReference; lastKnownFileType = sourcecode.swift; path = DirectorTasksColl.swift; sourceTree = "<group>"; };
		172DF5D02BC80F8800E4AA0C /* ColourExtension.swift */ = {isa = PBXFileReference; lastKnownFileType = sourcecode.swift; path = ColourExtension.swift; sourceTree = "<group>"; };
		172DF5D32BC8132100E4AA0C /* pep.json */ = {isa = PBXFileReference; fileEncoding = 4; lastKnownFileType = text.json; path = pep.json; sourceTree = "<group>"; };
		172DF5D62BC86AB800E4AA0C /* PostrgresManager.swift */ = {isa = PBXFileReference; lastKnownFileType = sourcecode.swift; path = PostrgresManager.swift; sourceTree = "<group>"; };
		172DF5DB2BC86C4200E4AA0C /* PostgresErrors.swift */ = {isa = PBXFileReference; lastKnownFileType = sourcecode.swift; path = PostgresErrors.swift; sourceTree = "<group>"; };
		172DF5DD2BC904CC00E4AA0C /* Resnet50.mlmodel */ = {isa = PBXFileReference; lastKnownFileType = file.mlmodel; path = Resnet50.mlmodel; sourceTree = "<group>"; };
		172DF5DF2BC91D0100E4AA0C /* fonts.otf */ = {isa = PBXFileReference; lastKnownFileType = file; path = fonts.otf; sourceTree = "<group>"; };
		172DF5E12BC9227700E4AA0C /* person.json */ = {isa = PBXFileReference; fileEncoding = 4; lastKnownFileType = text.json; path = person.json; sourceTree = "<group>"; };
		172DF5E42BC9554700E4AA0C /* MyTimeController.swift */ = {isa = PBXFileReference; lastKnownFileType = sourcecode.swift; path = MyTimeController.swift; sourceTree = "<group>"; };
		172DF5E72BC955A600E4AA0C /* MyTimeView.swift */ = {isa = PBXFileReference; lastKnownFileType = sourcecode.swift; path = MyTimeView.swift; sourceTree = "<group>"; };
		172DF5E92BC9D52100E4AA0C /* AttentionViewController.swift */ = {isa = PBXFileReference; lastKnownFileType = sourcecode.swift; path = AttentionViewController.swift; sourceTree = "<group>"; };
		172DF5EB2BC9D5B300E4AA0C /* AttentionCollection.swift */ = {isa = PBXFileReference; lastKnownFileType = sourcecode.swift; path = AttentionCollection.swift; sourceTree = "<group>"; };
		172DF5ED2BC9D67400E4AA0C /* AttentionView.swift */ = {isa = PBXFileReference; lastKnownFileType = sourcecode.swift; path = AttentionView.swift; sourceTree = "<group>"; };
		1747EBC82BC2880A00FC7F27 /* WorkTrackerRelease.entitlements */ = {isa = PBXFileReference; lastKnownFileType = text.plist.entitlements; path = WorkTrackerRelease.entitlements; sourceTree = "<group>"; };
		176C51562BD114BB00200911 /* NotificationManager.swift */ = {isa = PBXFileReference; lastKnownFileType = sourcecode.swift; path = NotificationManager.swift; sourceTree = "<group>"; };
		176C51592BD115B000200911 /* FaceIDManager.swift */ = {isa = PBXFileReference; lastKnownFileType = sourcecode.swift; path = FaceIDManager.swift; sourceTree = "<group>"; };
		176C515C2BD1365000200911 /* TimeInfo+CoreDataProperties.swift */ = {isa = PBXFileReference; lastKnownFileType = sourcecode.swift; path = "TimeInfo+CoreDataProperties.swift"; sourceTree = "<group>"; };
		176C515F2BD136F600200911 /* TimeDataManager.swift */ = {isa = PBXFileReference; lastKnownFileType = sourcecode.swift; path = TimeDataManager.swift; sourceTree = "<group>"; };
		177317232BC55D01000E828C /* InfoTimeController.swift */ = {isa = PBXFileReference; lastKnownFileType = sourcecode.swift; path = InfoTimeController.swift; sourceTree = "<group>"; };
		177317252BC55D4C000E828C /* InfoTimeView.swift */ = {isa = PBXFileReference; lastKnownFileType = sourcecode.swift; path = InfoTimeView.swift; sourceTree = "<group>"; };
		177317272BC578BB000E828C /* TableTimeForDir.swift */ = {isa = PBXFileReference; lastKnownFileType = sourcecode.swift; path = TableTimeForDir.swift; sourceTree = "<group>"; };
		177317302BC5834A000E828C /* Present.json */ = {isa = PBXFileReference; fileEncoding = 4; lastKnownFileType = text.json; path = Present.json; sourceTree = "<group>"; };
		177317322BC5843D000E828C /* New.json */ = {isa = PBXFileReference; fileEncoding = 4; lastKnownFileType = text.json; path = New.json; sourceTree = "<group>"; };
		177317342BC5861D000E828C /* BluetoothController.swift */ = {isa = PBXFileReference; lastKnownFileType = sourcecode.swift; path = BluetoothController.swift; sourceTree = "<group>"; };
		177317362BC58656000E828C /* BluetoothView.swift */ = {isa = PBXFileReference; lastKnownFileType = sourcecode.swift; path = BluetoothView.swift; sourceTree = "<group>"; };
		177317382BC59106000E828C /* BluetoothTable.swift */ = {isa = PBXFileReference; lastKnownFileType = sourcecode.swift; path = BluetoothTable.swift; sourceTree = "<group>"; };
		1773173A2BC5E89C000E828C /* FirstCollectionView.swift */ = {isa = PBXFileReference; lastKnownFileType = sourcecode.swift; path = FirstCollectionView.swift; sourceTree = "<group>"; };
		1796B39A2BC147C7008290F7 /* WorkTracker.app */ = {isa = PBXFileReference; explicitFileType = wrapper.application; includeInIndex = 0; path = WorkTracker.app; sourceTree = BUILT_PRODUCTS_DIR; };
		1796B39D2BC147C7008290F7 /* AppDelegate.swift */ = {isa = PBXFileReference; lastKnownFileType = sourcecode.swift; path = AppDelegate.swift; sourceTree = "<group>"; };
		1796B39F2BC147C7008290F7 /* SceneDelegate.swift */ = {isa = PBXFileReference; lastKnownFileType = sourcecode.swift; path = SceneDelegate.swift; sourceTree = "<group>"; };
		1796B3A12BC147C7008290F7 /* AuthController.swift */ = {isa = PBXFileReference; lastKnownFileType = sourcecode.swift; path = AuthController.swift; sourceTree = "<group>"; };
		1796B3A72BC147C7008290F7 /* WorkTracker.xcdatamodel */ = {isa = PBXFileReference; lastKnownFileType = wrapper.xcdatamodel; path = WorkTracker.xcdatamodel; sourceTree = "<group>"; };
		1796B3A92BC147C9008290F7 /* Assets.xcassets */ = {isa = PBXFileReference; lastKnownFileType = folder.assetcatalog; path = Assets.xcassets; sourceTree = "<group>"; };
		1796B3AC2BC147C9008290F7 /* Base */ = {isa = PBXFileReference; lastKnownFileType = file.storyboard; name = Base; path = Base.lproj/LaunchScreen.storyboard; sourceTree = "<group>"; };
		1796B3AE2BC147C9008290F7 /* Info.plist */ = {isa = PBXFileReference; lastKnownFileType = text.plist.xml; path = Info.plist; sourceTree = "<group>"; };
		1796B3B32BC147C9008290F7 /* WorkTrackerTests.xctest */ = {isa = PBXFileReference; explicitFileType = wrapper.cfbundle; includeInIndex = 0; path = WorkTrackerTests.xctest; sourceTree = BUILT_PRODUCTS_DIR; };
		1796B3B72BC147C9008290F7 /* WorkTrackerTests.swift */ = {isa = PBXFileReference; lastKnownFileType = sourcecode.swift; path = WorkTrackerTests.swift; sourceTree = "<group>"; };
		1796B3BD2BC147C9008290F7 /* WorkTrackerUITests.xctest */ = {isa = PBXFileReference; explicitFileType = wrapper.cfbundle; includeInIndex = 0; path = WorkTrackerUITests.xctest; sourceTree = BUILT_PRODUCTS_DIR; };
		1796B3C12BC147C9008290F7 /* WorkTrackerUITests.swift */ = {isa = PBXFileReference; lastKnownFileType = sourcecode.swift; path = WorkTrackerUITests.swift; sourceTree = "<group>"; };
		1796B3C32BC147C9008290F7 /* WorkTrackerUITestsLaunchTests.swift */ = {isa = PBXFileReference; lastKnownFileType = sourcecode.swift; path = WorkTrackerUITestsLaunchTests.swift; sourceTree = "<group>"; };
		1796B3D82BC14C40008290F7 /* Coordinator.swift */ = {isa = PBXFileReference; lastKnownFileType = sourcecode.swift; path = Coordinator.swift; sourceTree = "<group>"; };
		1796B3DA2BC14D15008290F7 /* RootCoordinator.swift */ = {isa = PBXFileReference; lastKnownFileType = sourcecode.swift; path = RootCoordinator.swift; sourceTree = "<group>"; };
		1796B3DC2BC14D4D008290F7 /* AppCoordinator.swift */ = {isa = PBXFileReference; lastKnownFileType = sourcecode.swift; path = AppCoordinator.swift; sourceTree = "<group>"; };
		1796B3DE2BC1503D008290F7 /* AuthCoordinator.swift */ = {isa = PBXFileReference; lastKnownFileType = sourcecode.swift; path = AuthCoordinator.swift; sourceTree = "<group>"; };
		1796B3E22BC150A6008290F7 /* AuthCoordinatorProtocol.swift */ = {isa = PBXFileReference; lastKnownFileType = sourcecode.swift; path = AuthCoordinatorProtocol.swift; sourceTree = "<group>"; };
		1796B3E62BC153D3008290F7 /* MainWorkerController.swift */ = {isa = PBXFileReference; lastKnownFileType = sourcecode.swift; path = MainWorkerController.swift; sourceTree = "<group>"; };
		1796B3E82BC153EE008290F7 /* MainDirectorController.swift */ = {isa = PBXFileReference; lastKnownFileType = sourcecode.swift; path = MainDirectorController.swift; sourceTree = "<group>"; };
		1796B3ED2BC15521008290F7 /* MainWorkerCoordinator.swift */ = {isa = PBXFileReference; lastKnownFileType = sourcecode.swift; path = MainWorkerCoordinator.swift; sourceTree = "<group>"; };
		1796B3F12BC15562008290F7 /* MainDirectorCoordinator.swift */ = {isa = PBXFileReference; lastKnownFileType = sourcecode.swift; path = MainDirectorCoordinator.swift; sourceTree = "<group>"; };
		1796B3F32BC157DF008290F7 /* AuthWorkerCoord.swift */ = {isa = PBXFileReference; lastKnownFileType = sourcecode.swift; path = AuthWorkerCoord.swift; sourceTree = "<group>"; };
		1796B3F52BC1580C008290F7 /* AuthDirectorCoord.swift */ = {isa = PBXFileReference; lastKnownFileType = sourcecode.swift; path = AuthDirectorCoord.swift; sourceTree = "<group>"; };
		1796B3F72BC158B0008290F7 /* AuthWorkController.swift */ = {isa = PBXFileReference; lastKnownFileType = sourcecode.swift; path = AuthWorkController.swift; sourceTree = "<group>"; };
		1796B3F92BC158C9008290F7 /* AuthDirController.swift */ = {isa = PBXFileReference; lastKnownFileType = sourcecode.swift; path = AuthDirController.swift; sourceTree = "<group>"; };
		1796B3FB2BC15BBA008290F7 /* GoogleService-Info.plist */ = {isa = PBXFileReference; fileEncoding = 4; lastKnownFileType = text.plist.xml; path = "GoogleService-Info.plist"; sourceTree = "<group>"; };
		1796B4072BC166A8008290F7 /* AuthView.swift */ = {isa = PBXFileReference; lastKnownFileType = sourcecode.swift; path = AuthView.swift; sourceTree = "<group>"; };
		1796B40A2BC16977008290F7 /* Vetrino.otf */ = {isa = PBXFileReference; lastKnownFileType = file; path = Vetrino.otf; sourceTree = "<group>"; };
		1796B40C2BC169CE008290F7 /* BrassMono-Regular.ttf */ = {isa = PBXFileReference; lastKnownFileType = file; path = "BrassMono-Regular.ttf"; sourceTree = "<group>"; };
		1796B4972BC190A1008290F7 /* AuthDirView.swift */ = {isa = PBXFileReference; lastKnownFileType = sourcecode.swift; path = AuthDirView.swift; sourceTree = "<group>"; };
		1796B4992BC190AC008290F7 /* AuthWorkerView.swift */ = {isa = PBXFileReference; lastKnownFileType = sourcecode.swift; path = AuthWorkerView.swift; sourceTree = "<group>"; };
		1796B49E2BC19EE2008290F7 /* NumberManager.swift */ = {isa = PBXFileReference; lastKnownFileType = sourcecode.swift; path = NumberManager.swift; sourceTree = "<group>"; };
		1796B4A42BC1A4E3008290F7 /* MainWorkerView.swift */ = {isa = PBXFileReference; lastKnownFileType = sourcecode.swift; path = MainWorkerView.swift; sourceTree = "<group>"; };
		1796B4A82BC1A562008290F7 /* MainDirectorView.swift */ = {isa = PBXFileReference; lastKnownFileType = sourcecode.swift; path = MainDirectorView.swift; sourceTree = "<group>"; };
		1796B4AA2BC1A68F008290F7 /* CodeManager.swift */ = {isa = PBXFileReference; lastKnownFileType = sourcecode.swift; path = CodeManager.swift; sourceTree = "<group>"; };
		1796B4AD2BC1C4F9008290F7 /* AuthManager.swift */ = {isa = PBXFileReference; lastKnownFileType = sourcecode.swift; path = AuthManager.swift; sourceTree = "<group>"; };
		1796B4AF2BC1EC2F008290F7 /* AuthWorkProtocol.swift */ = {isa = PBXFileReference; lastKnownFileType = sourcecode.swift; path = AuthWorkProtocol.swift; sourceTree = "<group>"; };
		1796B4B12BC1F20D008290F7 /* AuthDirProtocol.swift */ = {isa = PBXFileReference; lastKnownFileType = sourcecode.swift; path = AuthDirProtocol.swift; sourceTree = "<group>"; };
		17B9D3622BC47B4C003C38BE /* InfoAllDirectors.swift */ = {isa = PBXFileReference; lastKnownFileType = sourcecode.swift; path = InfoAllDirectors.swift; sourceTree = "<group>"; };
		17B9D3642BC47C1D003C38BE /* InfoAllDirController.swift */ = {isa = PBXFileReference; lastKnownFileType = sourcecode.swift; path = InfoAllDirController.swift; sourceTree = "<group>"; };
		17B9D3662BC47DC3003C38BE /* InfoAllDirectorView.swift */ = {isa = PBXFileReference; lastKnownFileType = sourcecode.swift; path = InfoAllDirectorView.swift; sourceTree = "<group>"; };
		17B9D3682BC50962003C38BE /* InfoAllWorkController.swift */ = {isa = PBXFileReference; lastKnownFileType = sourcecode.swift; path = InfoAllWorkController.swift; sourceTree = "<group>"; };
		17B9D36A2BC509F4003C38BE /* InfoAllWorkView.swift */ = {isa = PBXFileReference; lastKnownFileType = sourcecode.swift; path = InfoAllWorkView.swift; sourceTree = "<group>"; };
		17B9D36C2BC50B29003C38BE /* InfoAllWorkers.swift */ = {isa = PBXFileReference; lastKnownFileType = sourcecode.swift; path = InfoAllWorkers.swift; sourceTree = "<group>"; };
		17B9D36F2BC5140A003C38BE /* GetTaskController.swift */ = {isa = PBXFileReference; lastKnownFileType = sourcecode.swift; path = GetTaskController.swift; sourceTree = "<group>"; };
		17B9D3722BC51698003C38BE /* GetTasksView.swift */ = {isa = PBXFileReference; lastKnownFileType = sourcecode.swift; path = GetTasksView.swift; sourceTree = "<group>"; };
		17B9D3742BC5172B003C38BE /* GetTaskTable.swift */ = {isa = PBXFileReference; lastKnownFileType = sourcecode.swift; path = GetTaskTable.swift; sourceTree = "<group>"; };
		17B9D3762BC51854003C38BE /* FastView.swift */ = {isa = PBXFileReference; lastKnownFileType = sourcecode.swift; path = FastView.swift; sourceTree = "<group>"; };
		17B9D3782BC51C83003C38BE /* AddMyTaskController.swift */ = {isa = PBXFileReference; lastKnownFileType = sourcecode.swift; path = AddMyTaskController.swift; sourceTree = "<group>"; };
		17B9D37A2BC51CDF003C38BE /* AddMyTaskView.swift */ = {isa = PBXFileReference; lastKnownFileType = sourcecode.swift; path = AddMyTaskView.swift; sourceTree = "<group>"; };
/* End PBXFileReference section */

/* Begin PBXFrameworksBuildPhase section */
		1796B3972BC147C7008290F7 /* Frameworks */ = {
			isa = PBXFrameworksBuildPhase;
			buildActionMask = 2147483647;
			files = (
				1773172C2BC58216000E828C /* Lottie in Frameworks */,
				172DF5DA2BC86BB200E4AA0C /* PostgresClientKit in Frameworks */,
				1796B4012BC15C85008290F7 /* FirebaseDatabase in Frameworks */,
				1796B4052BC15C85008290F7 /* FirebaseStorage in Frameworks */,
				1796B3FF2BC15C85008290F7 /* FirebaseAuth in Frameworks */,
				1796B4032BC15C85008290F7 /* FirebaseFirestore in Frameworks */,
			);
			runOnlyForDeploymentPostprocessing = 0;
		};
		1796B3B02BC147C9008290F7 /* Frameworks */ = {
			isa = PBXFrameworksBuildPhase;
			buildActionMask = 2147483647;
			files = (
			);
			runOnlyForDeploymentPostprocessing = 0;
		};
		1796B3BA2BC147C9008290F7 /* Frameworks */ = {
			isa = PBXFrameworksBuildPhase;
			buildActionMask = 2147483647;
			files = (
			);
			runOnlyForDeploymentPostprocessing = 0;
		};
/* End PBXFrameworksBuildPhase section */

/* Begin PBXGroup section */
		171635572BC2EF120020B42D /* ViewContainers */ = {
			isa = PBXGroup;
			children = (
				171635582BC2EF240020B42D /* WorkerContainer.swift */,
				171635832BC3B7F30020B42D /* DirectorContainer.swift */,
			);
			path = ViewContainers;
			sourceTree = "<group>";
		};
		1716355A2BC2F0CE0020B42D /* BluetoothService */ = {
			isa = PBXGroup;
			children = (
				171635532BC2E80D0020B42D /* BluetoothManager.swift */,
				1716357E2BC3073B0020B42D /* Scanner.swift */,
			);
			path = BluetoothService;
			sourceTree = "<group>";
		};
		1716355D2BC2F6120020B42D /* WorkerViews */ = {
			isa = PBXGroup;
			children = (
				172DF5E62BC9559100E4AA0C /* SpecialWorkViews */,
				1796B4A42BC1A4E3008290F7 /* MainWorkerView.swift */,
				171635702BC2FE260020B42D /* DataWorkerView.swift */,
				171635782BC302FC0020B42D /* HoursWorkerView.swift */,
				1716357A2BC303070020B42D /* MLWorkersView.swift */,
				1716357C2BC303180020B42D /* ListWorkerView.swift */,
				171635AE2BC429C80020B42D /* DataPresentView.swift */,
				171635B22BC432D60020B42D /* InfoDirectorView.swift */,
				171635C32BC44AFF0020B42D /* ChooseDirView.swift */,
				17B9D3662BC47DC3003C38BE /* InfoAllDirectorView.swift */,
			);
			path = WorkerViews;
			sourceTree = "<group>";
		};
		171635602BC2F6290020B42D /* DirectorViews */ = {
			isa = PBXGroup;
			children = (
				17B9D3712BC5166C003C38BE /* SpecialDirViews */,
				1796B4A82BC1A562008290F7 /* MainDirectorView.swift */,
				171635B92BC43E900020B42D /* DataDirectorView.swift */,
				171635BB2BC43EA40020B42D /* HoursDirectorView.swift */,
				171635BD2BC43EB40020B42D /* MLDirectorView.swift */,
				171635BF2BC43EC90020B42D /* ListDirectorView.swift */,
				171635CB2BC45EC40020B42D /* DataPresentDirView.swift */,
				171635CD2BC45ED40020B42D /* InfoWorkerView.swift */,
				171635CF2BC45EE80020B42D /* ChooseWorkerView.swift */,
				17B9D36A2BC509F4003C38BE /* InfoAllWorkView.swift */,
			);
			path = DirectorViews;
			sourceTree = "<group>";
		};
		1716356F2BC2FDF40020B42D /* Enums */ = {
			isa = PBXGroup;
			children = (
				1716355B2BC2F3D50020B42D /* Enums.swift */,
			);
			path = Enums;
			sourceTree = "<group>";
		};
		171635822BC3151A0020B42D /* CollectionView */ = {
			isa = PBXGroup;
			children = (
				171635802BC315020020B42D /* WorkerCollectionViewCell.swift */,
				171635B72BC438ED0020B42D /* InfoDirectorTable.swift */,
				17B9D3622BC47B4C003C38BE /* InfoAllDirectors.swift */,
				17B9D36C2BC50B29003C38BE /* InfoAllWorkers.swift */,
				17B9D3742BC5172B003C38BE /* GetTaskTable.swift */,
				177317272BC578BB000E828C /* TableTimeForDir.swift */,
				177317382BC59106000E828C /* BluetoothTable.swift */,
				1773173A2BC5E89C000E828C /* FirstCollectionView.swift */,
				172DF5CE2BC70BD200E4AA0C /* DirectorTasksColl.swift */,
				172DF5EB2BC9D5B300E4AA0C /* AttentionCollection.swift */,
			);
			path = CollectionView;
			sourceTree = "<group>";
		};
		1716358B2BC3B8E20020B42D /* CoordinatorCore */ = {
			isa = PBXGroup;
			children = (
				1716356B2BC2FAF60020B42D /* MainDirCoordProtocol.swift */,
				171635652BC2F8C00020B42D /* MainWorkCoordProtocol.swift */,
				171635632BC2F8180020B42D /* DataWorkerProtocolCoord.swift */,
				1796B4AF2BC1EC2F008290F7 /* AuthWorkProtocol.swift */,
				1796B4B12BC1F20D008290F7 /* AuthDirProtocol.swift */,
				1796B3D82BC14C40008290F7 /* Coordinator.swift */,
				1796B3E22BC150A6008290F7 /* AuthCoordinatorProtocol.swift */,
			);
			path = CoordinatorCore;
			sourceTree = "<group>";
		};
		1716358C2BC3B8FE0020B42D /* ScannerDelegate */ = {
			isa = PBXGroup;
			children = (
				1716358D2BC3B91C0020B42D /* ScannerCore.swift */,
			);
			path = ScannerDelegate;
			sourceTree = "<group>";
		};
		1716358F2BC3C2380020B42D /* Graphics */ = {
			isa = PBXGroup;
			children = (
				171635902BC3C2500020B42D /* WorkerDayDiagram.swift */,
				171635922BC3C7980020B42D /* WorkerFullDiagram.swift */,
			);
			path = Graphics;
			sourceTree = "<group>";
		};
		1716359A2BC3F1140020B42D /* DataService */ = {
			isa = PBXGroup;
			children = (
				171635982BC3F10C0020B42D /* DataManager.swift */,
				1716359E2BC3F1670020B42D /* DataErrors.swift */,
				176C515F2BD136F600200911 /* TimeDataManager.swift */,
			);
			path = DataService;
			sourceTree = "<group>";
		};
		1716359D2BC3F1390020B42D /* CoreDataProtocol */ = {
			isa = PBXGroup;
			children = (
				1716359B2BC3F1320020B42D /* DataManagerProtocol.swift */,
			);
			path = CoreDataProtocol;
			sourceTree = "<group>";
		};
		171635B42BC434420020B42D /* Models */ = {
			isa = PBXGroup;
			children = (
				172DF5DD2BC904CC00E4AA0C /* Resnet50.mlmodel */,
				171635B52BC434510020B42D /* DirectorSource.swift */,
			);
			path = Models;
			sourceTree = "<group>";
		};
		172DF5C92BC696CB00E4AA0C /* NetworkService */ = {
			isa = PBXGroup;
			children = (
				172DF5CA2BC696FD00E4AA0C /* NetworkManager.swift */,
				172DF5CC2BC6F19400E4AA0C /* NetworkErrors.swift */,
			);
			path = NetworkService;
			sourceTree = "<group>";
		};
		172DF5D22BC80F8E00E4AA0C /* NewColor */ = {
			isa = PBXGroup;
			children = (
				172DF5D02BC80F8800E4AA0C /* ColourExtension.swift */,
			);
			path = NewColor;
			sourceTree = "<group>";
		};
		172DF5D52BC86AA400E4AA0C /* Postgres */ = {
			isa = PBXGroup;
			children = (
				172DF5D62BC86AB800E4AA0C /* PostrgresManager.swift */,
				172DF5DB2BC86C4200E4AA0C /* PostgresErrors.swift */,
			);
			path = Postgres;
			sourceTree = "<group>";
		};
		172DF5E32BC9552900E4AA0C /* SpecialWorkController */ = {
			isa = PBXGroup;
			children = (
				172DF5E42BC9554700E4AA0C /* MyTimeController.swift */,
			);
			path = SpecialWorkController;
			sourceTree = "<group>";
		};
		172DF5E62BC9559100E4AA0C /* SpecialWorkViews */ = {
			isa = PBXGroup;
			children = (
				172DF5E72BC955A600E4AA0C /* MyTimeView.swift */,
				172DF5ED2BC9D67400E4AA0C /* AttentionView.swift */,
			);
			path = SpecialWorkViews;
			sourceTree = "<group>";
		};
		1747EBC72BC26FD400FC7F27 /* AuthViews */ = {
			isa = PBXGroup;
			children = (
				1796B4972BC190A1008290F7 /* AuthDirView.swift */,
				1796B4992BC190AC008290F7 /* AuthWorkerView.swift */,
				1796B4072BC166A8008290F7 /* AuthView.swift */,
			);
			path = AuthViews;
			sourceTree = "<group>";
		};
		176C51552BD114AA00200911 /* NotificationService */ = {
			isa = PBXGroup;
			children = (
				176C51562BD114BB00200911 /* NotificationManager.swift */,
			);
			path = NotificationService;
			sourceTree = "<group>";
		};
		176C51582BD115A200200911 /* FaceID */ = {
			isa = PBXGroup;
			children = (
				176C51592BD115B000200911 /* FaceIDManager.swift */,
			);
			path = FaceID;
			sourceTree = "<group>";
		};
		1773172D2BC5831E000E828C /* Animations */ = {
			isa = PBXGroup;
			children = (
				172DF5E12BC9227700E4AA0C /* person.json */,
				172DF5D32BC8132100E4AA0C /* pep.json */,
				177317322BC5843D000E828C /* New.json */,
				177317302BC5834A000E828C /* Present.json */,
			);
			path = Animations;
			sourceTree = "<group>";
		};
		1796B3912BC147C7008290F7 = {
			isa = PBXGroup;
			children = (
				1796B39C2BC147C7008290F7 /* WorkTracker */,
				1796B3B62BC147C9008290F7 /* WorkTrackerTests */,
				1796B3C02BC147C9008290F7 /* WorkTrackerUITests */,
				1796B39B2BC147C7008290F7 /* Products */,
			);
			sourceTree = "<group>";
		};
		1796B39B2BC147C7008290F7 /* Products */ = {
			isa = PBXGroup;
			children = (
				1796B39A2BC147C7008290F7 /* WorkTracker.app */,
				1796B3B32BC147C9008290F7 /* WorkTrackerTests.xctest */,
				1796B3BD2BC147C9008290F7 /* WorkTrackerUITests.xctest */,
			);
			name = Products;
			sourceTree = "<group>";
		};
		1796B39C2BC147C7008290F7 /* WorkTracker */ = {
			isa = PBXGroup;
			children = (
				171635B42BC434420020B42D /* Models */,
				1796B3D22BC14B5D008290F7 /* Data */,
				1716356F2BC2FDF40020B42D /* Enums */,
				1796B49C2BC19EC6008290F7 /* Services */,
				1796B3D72BC14C34008290F7 /* Coordinators */,
				1796B3D62BC14C2D008290F7 /* Core */,
				1796B3D42BC14BC7008290F7 /* MVC */,
				1796B3D12BC14B47008290F7 /* Config */,
				1796B3D02BC14B37008290F7 /* Application */,
			);
			path = WorkTracker;
			sourceTree = "<group>";
		};
		1796B3B62BC147C9008290F7 /* WorkTrackerTests */ = {
			isa = PBXGroup;
			children = (
				1796B3B72BC147C9008290F7 /* WorkTrackerTests.swift */,
			);
			path = WorkTrackerTests;
			sourceTree = "<group>";
		};
		1796B3C02BC147C9008290F7 /* WorkTrackerUITests */ = {
			isa = PBXGroup;
			children = (
				1796B3C12BC147C9008290F7 /* WorkTrackerUITests.swift */,
				1796B3C32BC147C9008290F7 /* WorkTrackerUITestsLaunchTests.swift */,
			);
			path = WorkTrackerUITests;
			sourceTree = "<group>";
		};
		1796B3D02BC14B37008290F7 /* Application */ = {
			isa = PBXGroup;
			children = (
				1796B39F2BC147C7008290F7 /* SceneDelegate.swift */,
				1796B39D2BC147C7008290F7 /* AppDelegate.swift */,
			);
			path = Application;
			sourceTree = "<group>";
		};
		1796B3D12BC14B47008290F7 /* Config */ = {
			isa = PBXGroup;
			children = (
				1773172D2BC5831E000E828C /* Animations */,
				1747EBC82BC2880A00FC7F27 /* WorkTrackerRelease.entitlements */,
				1796B4092BC16964008290F7 /* Fonts */,
				1796B3FB2BC15BBA008290F7 /* GoogleService-Info.plist */,
				1796B3AE2BC147C9008290F7 /* Info.plist */,
				1796B3AB2BC147C9008290F7 /* LaunchScreen.storyboard */,
				1796B3A92BC147C9008290F7 /* Assets.xcassets */,
			);
			path = Config;
			sourceTree = "<group>";
		};
		1796B3D22BC14B5D008290F7 /* Data */ = {
			isa = PBXGroup;
			children = (
				176C515C2BD1365000200911 /* TimeInfo+CoreDataProperties.swift */,
				171635A92BC3F6A90020B42D /* MyNewUser+CoreDataProperties.swift */,
				1796B3A62BC147C7008290F7 /* WorkTracker.xcdatamodeld */,
				1796B3D32BC14B64008290F7 /* CoreData */,
			);
			path = Data;
			sourceTree = "<group>";
		};
		1796B3D32BC14B64008290F7 /* CoreData */ = {
			isa = PBXGroup;
			children = (
			);
			path = CoreData;
			sourceTree = "<group>";
		};
		1796B3D42BC14BC7008290F7 /* MVC */ = {
			isa = PBXGroup;
			children = (
				1796B4062BC16689008290F7 /* Views */,
				1796B3D52BC14BD2008290F7 /* Controllers */,
			);
			path = MVC;
			sourceTree = "<group>";
		};
		1796B3D52BC14BD2008290F7 /* Controllers */ = {
			isa = PBXGroup;
			children = (
				1796B3EA2BC15413008290F7 /* ConfigControllers */,
				1796B3E52BC153B9008290F7 /* WorkerControllers */,
				1796B3E42BC153AE008290F7 /* DirectorControllers */,
			);
			path = Controllers;
			sourceTree = "<group>";
		};
		1796B3D62BC14C2D008290F7 /* Core */ = {
			isa = PBXGroup;
			children = (
				1716359D2BC3F1390020B42D /* CoreDataProtocol */,
				1716358C2BC3B8FE0020B42D /* ScannerDelegate */,
				1716358B2BC3B8E20020B42D /* CoordinatorCore */,
			);
			path = Core;
			sourceTree = "<group>";
		};
		1796B3D72BC14C34008290F7 /* Coordinators */ = {
			isa = PBXGroup;
			children = (
				1796B3F02BC1553D008290F7 /* RootCoordinators */,
				1796B3EF2BC1552D008290F7 /* EnterCoordinators */,
				1796B3EC2BC154FF008290F7 /* DirectorCoordinators */,
				1796B3EB2BC154F0008290F7 /* WorkerCoordinators */,
			);
			path = Coordinators;
			sourceTree = "<group>";
		};
		1796B3E42BC153AE008290F7 /* DirectorControllers */ = {
			isa = PBXGroup;
			children = (
				17B9D36E2BC513EE003C38BE /* SpecialDirController */,
				1796B3E82BC153EE008290F7 /* MainDirectorController.swift */,
				1716356D2BC2FBED0020B42D /* DataDirController.swift */,
				171635852BC3B8250020B42D /* ListDirectorController.swift */,
				171635872BC3B8360020B42D /* HoursDirectorController.swift */,
				171635892BC3B84A0020B42D /* MLDirectorController.swift */,
				171635C52BC45E490020B42D /* DataPresentDirController.swift */,
				171635C72BC45E5A0020B42D /* InfoWorkerController.swift */,
				171635C92BC45E670020B42D /* ChooseWorkController.swift */,
				17B9D3682BC50962003C38BE /* InfoAllWorkController.swift */,
			);
			path = DirectorControllers;
			sourceTree = "<group>";
		};
		1796B3E52BC153B9008290F7 /* WorkerControllers */ = {
			isa = PBXGroup;
			children = (
				172DF5E32BC9552900E4AA0C /* SpecialWorkController */,
				1796B3E62BC153D3008290F7 /* MainWorkerController.swift */,
				171635612BC2F79F0020B42D /* DataViewController.swift */,
				171635722BC301910020B42D /* MLWorkerController.swift */,
				171635742BC301A80020B42D /* ListWorkerController.swift */,
				171635762BC301B50020B42D /* HoursWorkerController.swift */,
				171635AC2BC425E70020B42D /* DataPresentController.swift */,
				171635B02BC432C30020B42D /* InfoDirectorController.swift */,
				171635C12BC44AEB0020B42D /* ChooseDirController.swift */,
				17B9D3642BC47C1D003C38BE /* InfoAllDirController.swift */,
			);
			path = WorkerControllers;
			sourceTree = "<group>";
		};
		1796B3EA2BC15413008290F7 /* ConfigControllers */ = {
			isa = PBXGroup;
			children = (
				1796B3A12BC147C7008290F7 /* AuthController.swift */,
				1796B3F72BC158B0008290F7 /* AuthWorkController.swift */,
				1796B3F92BC158C9008290F7 /* AuthDirController.swift */,
			);
			path = ConfigControllers;
			sourceTree = "<group>";
		};
		1796B3EB2BC154F0008290F7 /* WorkerCoordinators */ = {
			isa = PBXGroup;
			children = (
				1796B3ED2BC15521008290F7 /* MainWorkerCoordinator.swift */,
				171635672BC2F8EE0020B42D /* DataWorkCoord.swift */,
			);
			path = WorkerCoordinators;
			sourceTree = "<group>";
		};
		1796B3EC2BC154FF008290F7 /* DirectorCoordinators */ = {
			isa = PBXGroup;
			children = (
				1796B3F12BC15562008290F7 /* MainDirectorCoordinator.swift */,
				171635692BC2FA750020B42D /* DataDirectCoordinator.swift */,
			);
			path = DirectorCoordinators;
			sourceTree = "<group>";
		};
		1796B3EF2BC1552D008290F7 /* EnterCoordinators */ = {
			isa = PBXGroup;
			children = (
				1796B3DE2BC1503D008290F7 /* AuthCoordinator.swift */,
				1796B3DC2BC14D4D008290F7 /* AppCoordinator.swift */,
				1796B3F32BC157DF008290F7 /* AuthWorkerCoord.swift */,
				1796B3F52BC1580C008290F7 /* AuthDirectorCoord.swift */,
			);
			path = EnterCoordinators;
			sourceTree = "<group>";
		};
		1796B3F02BC1553D008290F7 /* RootCoordinators */ = {
			isa = PBXGroup;
			children = (
				1796B3DA2BC14D15008290F7 /* RootCoordinator.swift */,
			);
			path = RootCoordinators;
			sourceTree = "<group>";
		};
		1796B4062BC16689008290F7 /* Views */ = {
			isa = PBXGroup;
			children = (
				172DF5D22BC80F8E00E4AA0C /* NewColor */,
				1716358F2BC3C2380020B42D /* Graphics */,
				171635822BC3151A0020B42D /* CollectionView */,
				171635602BC2F6290020B42D /* DirectorViews */,
				1716355D2BC2F6120020B42D /* WorkerViews */,
				171635572BC2EF120020B42D /* ViewContainers */,
				1747EBC72BC26FD400FC7F27 /* AuthViews */,
			);
			path = Views;
			sourceTree = "<group>";
		};
		1796B4092BC16964008290F7 /* Fonts */ = {
			isa = PBXGroup;
			children = (
				172DF5DF2BC91D0100E4AA0C /* fonts.otf */,
				1796B40C2BC169CE008290F7 /* BrassMono-Regular.ttf */,
				1796B40A2BC16977008290F7 /* Vetrino.otf */,
			);
			path = Fonts;
			sourceTree = "<group>";
		};
		1796B49C2BC19EC6008290F7 /* Services */ = {
			isa = PBXGroup;
			children = (
				176C51582BD115A200200911 /* FaceID */,
				176C51552BD114AA00200911 /* NotificationService */,
				172DF5D52BC86AA400E4AA0C /* Postgres */,
				172DF5C92BC696CB00E4AA0C /* NetworkService */,
				1716359A2BC3F1140020B42D /* DataService */,
				1716355A2BC2F0CE0020B42D /* BluetoothService */,
				1796B4AC2BC1C4EC008290F7 /* AuthManager */,
				1796B49D2BC19ECF008290F7 /* NumberManager */,
			);
			path = Services;
			sourceTree = "<group>";
		};
		1796B49D2BC19ECF008290F7 /* NumberManager */ = {
			isa = PBXGroup;
			children = (
				1796B49E2BC19EE2008290F7 /* NumberManager.swift */,
				1796B4AA2BC1A68F008290F7 /* CodeManager.swift */,
			);
			path = NumberManager;
			sourceTree = "<group>";
		};
		1796B4AC2BC1C4EC008290F7 /* AuthManager */ = {
			isa = PBXGroup;
			children = (
				1796B4AD2BC1C4F9008290F7 /* AuthManager.swift */,
			);
			path = AuthManager;
			sourceTree = "<group>";
		};
		17B9D36E2BC513EE003C38BE /* SpecialDirController */ = {
			isa = PBXGroup;
			children = (
				17B9D36F2BC5140A003C38BE /* GetTaskController.swift */,
				17B9D3782BC51C83003C38BE /* AddMyTaskController.swift */,
				177317232BC55D01000E828C /* InfoTimeController.swift */,
				177317342BC5861D000E828C /* BluetoothController.swift */,
				172DF5E92BC9D52100E4AA0C /* AttentionViewController.swift */,
			);
			path = SpecialDirController;
			sourceTree = "<group>";
		};
		17B9D3712BC5166C003C38BE /* SpecialDirViews */ = {
			isa = PBXGroup;
			children = (
				17B9D3722BC51698003C38BE /* GetTasksView.swift */,
				17B9D3762BC51854003C38BE /* FastView.swift */,
				17B9D37A2BC51CDF003C38BE /* AddMyTaskView.swift */,
				177317252BC55D4C000E828C /* InfoTimeView.swift */,
				177317362BC58656000E828C /* BluetoothView.swift */,
			);
			path = SpecialDirViews;
			sourceTree = "<group>";
		};
/* End PBXGroup section */

/* Begin PBXNativeTarget section */
		1796B3992BC147C7008290F7 /* WorkTracker */ = {
			isa = PBXNativeTarget;
			buildConfigurationList = 1796B3C72BC147C9008290F7 /* Build configuration list for PBXNativeTarget "WorkTracker" */;
			buildPhases = (
				1796B3962BC147C7008290F7 /* Sources */,
				1796B3972BC147C7008290F7 /* Frameworks */,
				1796B3982BC147C7008290F7 /* Resources */,
			);
			buildRules = (
			);
			dependencies = (
			);
			name = WorkTracker;
			packageProductDependencies = (
				1796B3FE2BC15C85008290F7 /* FirebaseAuth */,
				1796B4002BC15C85008290F7 /* FirebaseDatabase */,
				1796B4022BC15C85008290F7 /* FirebaseFirestore */,
				1796B4042BC15C85008290F7 /* FirebaseStorage */,
				1773172B2BC58216000E828C /* Lottie */,
				172DF5D92BC86BB200E4AA0C /* PostgresClientKit */,
			);
			productName = WorkTracker;
			productReference = 1796B39A2BC147C7008290F7 /* WorkTracker.app */;
			productType = "com.apple.product-type.application";
		};
		1796B3B22BC147C9008290F7 /* WorkTrackerTests */ = {
			isa = PBXNativeTarget;
			buildConfigurationList = 1796B3CA2BC147C9008290F7 /* Build configuration list for PBXNativeTarget "WorkTrackerTests" */;
			buildPhases = (
				1796B3AF2BC147C9008290F7 /* Sources */,
				1796B3B02BC147C9008290F7 /* Frameworks */,
				1796B3B12BC147C9008290F7 /* Resources */,
			);
			buildRules = (
			);
			dependencies = (
				1796B3B52BC147C9008290F7 /* PBXTargetDependency */,
			);
			name = WorkTrackerTests;
			productName = WorkTrackerTests;
			productReference = 1796B3B32BC147C9008290F7 /* WorkTrackerTests.xctest */;
			productType = "com.apple.product-type.bundle.unit-test";
		};
		1796B3BC2BC147C9008290F7 /* WorkTrackerUITests */ = {
			isa = PBXNativeTarget;
			buildConfigurationList = 1796B3CD2BC147C9008290F7 /* Build configuration list for PBXNativeTarget "WorkTrackerUITests" */;
			buildPhases = (
				1796B3B92BC147C9008290F7 /* Sources */,
				1796B3BA2BC147C9008290F7 /* Frameworks */,
				1796B3BB2BC147C9008290F7 /* Resources */,
			);
			buildRules = (
			);
			dependencies = (
				1796B3BF2BC147C9008290F7 /* PBXTargetDependency */,
			);
			name = WorkTrackerUITests;
			productName = WorkTrackerUITests;
			productReference = 1796B3BD2BC147C9008290F7 /* WorkTrackerUITests.xctest */;
			productType = "com.apple.product-type.bundle.ui-testing";
		};
/* End PBXNativeTarget section */

/* Begin PBXProject section */
		1796B3922BC147C7008290F7 /* Project object */ = {
			isa = PBXProject;
			attributes = {
				BuildIndependentTargetsInParallel = 1;
				LastSwiftUpdateCheck = 1530;
				LastUpgradeCheck = 1530;
				TargetAttributes = {
					1796B3992BC147C7008290F7 = {
						CreatedOnToolsVersion = 15.3;
					};
					1796B3B22BC147C9008290F7 = {
						CreatedOnToolsVersion = 15.3;
						TestTargetID = 1796B3992BC147C7008290F7;
					};
					1796B3BC2BC147C9008290F7 = {
						CreatedOnToolsVersion = 15.3;
						TestTargetID = 1796B3992BC147C7008290F7;
					};
				};
			};
			buildConfigurationList = 1796B3952BC147C7008290F7 /* Build configuration list for PBXProject "WorkTracker" */;
			compatibilityVersion = "Xcode 14.0";
			developmentRegion = en;
			hasScannedForEncodings = 0;
			knownRegions = (
				en,
				Base,
			);
			mainGroup = 1796B3912BC147C7008290F7;
			packageReferences = (
				1796B3FD2BC15C85008290F7 /* XCRemoteSwiftPackageReference "firebase-ios-sdk" */,
				1773172A2BC58216000E828C /* XCRemoteSwiftPackageReference "lottie-spm" */,
				172DF5D82BC86BB200E4AA0C /* XCRemoteSwiftPackageReference "PostgresClientKit" */,
			);
			productRefGroup = 1796B39B2BC147C7008290F7 /* Products */;
			projectDirPath = "";
			projectRoot = "";
			targets = (
				1796B3992BC147C7008290F7 /* WorkTracker */,
				1796B3B22BC147C9008290F7 /* WorkTrackerTests */,
				1796B3BC2BC147C9008290F7 /* WorkTrackerUITests */,
			);
		};
/* End PBXProject section */

/* Begin PBXResourcesBuildPhase section */
		1796B3982BC147C7008290F7 /* Resources */ = {
			isa = PBXResourcesBuildPhase;
			buildActionMask = 2147483647;
			files = (
				177317332BC5843D000E828C /* New.json in Resources */,
				172DF5E02BC91D0100E4AA0C /* fonts.otf in Resources */,
				1796B3AA2BC147C9008290F7 /* Assets.xcassets in Resources */,
				1796B40B2BC16977008290F7 /* Vetrino.otf in Resources */,
				1796B3AD2BC147C9008290F7 /* Base in Resources */,
				1796B40D2BC169CE008290F7 /* BrassMono-Regular.ttf in Resources */,
				172DF5D42BC8132200E4AA0C /* pep.json in Resources */,
				1796B3FC2BC15BBA008290F7 /* GoogleService-Info.plist in Resources */,
				172DF5E22BC9227800E4AA0C /* person.json in Resources */,
				177317312BC5834A000E828C /* Present.json in Resources */,
			);
			runOnlyForDeploymentPostprocessing = 0;
		};
		1796B3B12BC147C9008290F7 /* Resources */ = {
			isa = PBXResourcesBuildPhase;
			buildActionMask = 2147483647;
			files = (
			);
			runOnlyForDeploymentPostprocessing = 0;
		};
		1796B3BB2BC147C9008290F7 /* Resources */ = {
			isa = PBXResourcesBuildPhase;
			buildActionMask = 2147483647;
			files = (
			);
			runOnlyForDeploymentPostprocessing = 0;
		};
/* End PBXResourcesBuildPhase section */

/* Begin PBXSourcesBuildPhase section */
		1796B3962BC147C7008290F7 /* Sources */ = {
			isa = PBXSourcesBuildPhase;
			buildActionMask = 2147483647;
			files = (
				176C515E2BD1365000200911 /* TimeInfo+CoreDataProperties.swift in Sources */,
				1796B4982BC190A1008290F7 /* AuthDirView.swift in Sources */,
				1796B3A22BC147C7008290F7 /* AuthController.swift in Sources */,
				171635BA2BC43E900020B42D /* DataDirectorView.swift in Sources */,
				1796B39E2BC147C7008290F7 /* AppDelegate.swift in Sources */,
				1796B4AB2BC1A68F008290F7 /* CodeManager.swift in Sources */,
				172DF5EA2BC9D52100E4AA0C /* AttentionViewController.swift in Sources */,
				1796B3E72BC153D3008290F7 /* MainWorkerController.swift in Sources */,
				17B9D3652BC47C1D003C38BE /* InfoAllDirController.swift in Sources */,
				17B9D3702BC5140A003C38BE /* GetTaskController.swift in Sources */,
				17B9D3732BC51698003C38BE /* GetTasksView.swift in Sources */,
				171635912BC3C2500020B42D /* WorkerDayDiagram.swift in Sources */,
				171635B62BC434510020B42D /* DirectorSource.swift in Sources */,
				171635932BC3C7980020B42D /* WorkerFullDiagram.swift in Sources */,
				172DF5EE2BC9D67400E4AA0C /* AttentionView.swift in Sources */,
				172DF5DE2BC904CC00E4AA0C /* Resnet50.mlmodel in Sources */,
				1796B3F62BC1580C008290F7 /* AuthDirectorCoord.swift in Sources */,
				171635712BC2FE260020B42D /* DataWorkerView.swift in Sources */,
				1796B3D92BC14C40008290F7 /* Coordinator.swift in Sources */,
				1796B4B02BC1EC2F008290F7 /* AuthWorkProtocol.swift in Sources */,
				1796B4A52BC1A4E3008290F7 /* MainWorkerView.swift in Sources */,
				177317262BC55D4C000E828C /* InfoTimeView.swift in Sources */,
				177317352BC5861D000E828C /* BluetoothController.swift in Sources */,
				1796B3F82BC158B0008290F7 /* AuthWorkController.swift in Sources */,
				171635BE2BC43EB40020B42D /* MLDirectorView.swift in Sources */,
				171635542BC2E80D0020B42D /* BluetoothManager.swift in Sources */,
				176C51572BD114BB00200911 /* NotificationManager.swift in Sources */,
				17B9D3672BC47DC3003C38BE /* InfoAllDirectorView.swift in Sources */,
				1716359C2BC3F1320020B42D /* DataManagerProtocol.swift in Sources */,
				17B9D37B2BC51CDF003C38BE /* AddMyTaskView.swift in Sources */,
				171635CC2BC45EC40020B42D /* DataPresentDirView.swift in Sources */,
				1796B4AE2BC1C4FA008290F7 /* AuthManager.swift in Sources */,
				1716357F2BC3073B0020B42D /* Scanner.swift in Sources */,
				171635882BC3B8360020B42D /* HoursDirectorController.swift in Sources */,
				171635CA2BC45E670020B42D /* ChooseWorkController.swift in Sources */,
				1796B3A02BC147C7008290F7 /* SceneDelegate.swift in Sources */,
				172DF5E52BC9554700E4AA0C /* MyTimeController.swift in Sources */,
				171635D02BC45EE80020B42D /* ChooseWorkerView.swift in Sources */,
				176C515A2BD115B000200911 /* FaceIDManager.swift in Sources */,
				171635622BC2F79F0020B42D /* DataViewController.swift in Sources */,
				1796B3EE2BC15521008290F7 /* MainWorkerCoordinator.swift in Sources */,
				1716357B2BC303070020B42D /* MLWorkersView.swift in Sources */,
				1796B4082BC166A8008290F7 /* AuthView.swift in Sources */,
				177317242BC55D01000E828C /* InfoTimeController.swift in Sources */,
				171635682BC2F8EE0020B42D /* DataWorkCoord.swift in Sources */,
				172DF5CF2BC70BD200E4AA0C /* DirectorTasksColl.swift in Sources */,
				176C51602BD136F600200911 /* TimeDataManager.swift in Sources */,
				171635C02BC43EC90020B42D /* ListDirectorView.swift in Sources */,
				1716356A2BC2FA750020B42D /* DataDirectCoordinator.swift in Sources */,
				177317392BC59106000E828C /* BluetoothTable.swift in Sources */,
				171635592BC2EF240020B42D /* WorkerContainer.swift in Sources */,
				1796B3E92BC153EE008290F7 /* MainDirectorController.swift in Sources */,
				171635B82BC438ED0020B42D /* InfoDirectorTable.swift in Sources */,
				1796B3DB2BC14D15008290F7 /* RootCoordinator.swift in Sources */,
				1773173B2BC5E89C000E828C /* FirstCollectionView.swift in Sources */,
				171635812BC315020020B42D /* WorkerCollectionViewCell.swift in Sources */,
				171635AD2BC425E70020B42D /* DataPresentController.swift in Sources */,
				1796B3F22BC15562008290F7 /* MainDirectorCoordinator.swift in Sources */,
				171635BC2BC43EA40020B42D /* HoursDirectorView.swift in Sources */,
				171635772BC301B50020B42D /* HoursWorkerController.swift in Sources */,
				1796B3A82BC147C7008290F7 /* WorkTracker.xcdatamodeld in Sources */,
				172DF5D72BC86AB800E4AA0C /* PostrgresManager.swift in Sources */,
				172DF5D12BC80F8800E4AA0C /* ColourExtension.swift in Sources */,
				171635642BC2F8180020B42D /* DataWorkerProtocolCoord.swift in Sources */,
				171635C22BC44AEB0020B42D /* ChooseDirController.swift in Sources */,
				172DF5CD2BC6F19400E4AA0C /* NetworkErrors.swift in Sources */,
				17B9D3772BC51854003C38BE /* FastView.swift in Sources */,
				1796B4A92BC1A562008290F7 /* MainDirectorView.swift in Sources */,
				171635B12BC432C30020B42D /* InfoDirectorController.swift in Sources */,
				172DF5CB2BC696FD00E4AA0C /* NetworkManager.swift in Sources */,
				171635732BC301910020B42D /* MLWorkerController.swift in Sources */,
				177317282BC578BB000E828C /* TableTimeForDir.swift in Sources */,
				17B9D36D2BC50B29003C38BE /* InfoAllWorkers.swift in Sources */,
				171635662BC2F8C00020B42D /* MainWorkCoordProtocol.swift in Sources */,
				1716356C2BC2FAF60020B42D /* MainDirCoordProtocol.swift in Sources */,
				17B9D36B2BC509F4003C38BE /* InfoAllWorkView.swift in Sources */,
				1716356E2BC2FBED0020B42D /* DataDirController.swift in Sources */,
				1796B49A2BC190AC008290F7 /* AuthWorkerView.swift in Sources */,
				172DF5EC2BC9D5B300E4AA0C /* AttentionCollection.swift in Sources */,
				1716358A2BC3B84A0020B42D /* MLDirectorController.swift in Sources */,
				171635862BC3B8250020B42D /* ListDirectorController.swift in Sources */,
				17B9D3632BC47B4C003C38BE /* InfoAllDirectors.swift in Sources */,
				1716359F2BC3F1670020B42D /* DataErrors.swift in Sources */,
				171635AB2BC3F6A90020B42D /* MyNewUser+CoreDataProperties.swift in Sources */,
				1716355C2BC2F3D50020B42D /* Enums.swift in Sources */,
				171635992BC3F10C0020B42D /* DataManager.swift in Sources */,
				171635C42BC44AFF0020B42D /* ChooseDirView.swift in Sources */,
				171635AF2BC429C80020B42D /* DataPresentView.swift in Sources */,
				172DF5DC2BC86C4200E4AA0C /* PostgresErrors.swift in Sources */,
				1796B3DF2BC1503D008290F7 /* AuthCoordinator.swift in Sources */,
				171635842BC3B7F40020B42D /* DirectorContainer.swift in Sources */,
				1716358E2BC3B91C0020B42D /* ScannerCore.swift in Sources */,
				1796B49F2BC19EE3008290F7 /* NumberManager.swift in Sources */,
				1796B3E32BC150A6008290F7 /* AuthCoordinatorProtocol.swift in Sources */,
				17B9D3792BC51C83003C38BE /* AddMyTaskController.swift in Sources */,
				171635C82BC45E5A0020B42D /* InfoWorkerController.swift in Sources */,
				177317372BC58656000E828C /* BluetoothView.swift in Sources */,
				1796B3F42BC157DF008290F7 /* AuthWorkerCoord.swift in Sources */,
				1796B3FA2BC158C9008290F7 /* AuthDirController.swift in Sources */,
				171635792BC302FC0020B42D /* HoursWorkerView.swift in Sources */,
				171635B32BC432D60020B42D /* InfoDirectorView.swift in Sources */,
				172DF5E82BC955A600E4AA0C /* MyTimeView.swift in Sources */,
				171635C62BC45E490020B42D /* DataPresentDirController.swift in Sources */,
				17B9D3692BC50962003C38BE /* InfoAllWorkController.swift in Sources */,
				1716357D2BC303180020B42D /* ListWorkerView.swift in Sources */,
				171635CE2BC45ED40020B42D /* InfoWorkerView.swift in Sources */,
				17B9D3752BC5172B003C38BE /* GetTaskTable.swift in Sources */,
				1796B3DD2BC14D4D008290F7 /* AppCoordinator.swift in Sources */,
				1796B4B22BC1F20D008290F7 /* AuthDirProtocol.swift in Sources */,
				171635752BC301A80020B42D /* ListWorkerController.swift in Sources */,
			);
			runOnlyForDeploymentPostprocessing = 0;
		};
		1796B3AF2BC147C9008290F7 /* Sources */ = {
			isa = PBXSourcesBuildPhase;
			buildActionMask = 2147483647;
			files = (
				1796B3B82BC147C9008290F7 /* WorkTrackerTests.swift in Sources */,
			);
			runOnlyForDeploymentPostprocessing = 0;
		};
		1796B3B92BC147C9008290F7 /* Sources */ = {
			isa = PBXSourcesBuildPhase;
			buildActionMask = 2147483647;
			files = (
				1796B3C42BC147C9008290F7 /* WorkTrackerUITestsLaunchTests.swift in Sources */,
				1796B3C22BC147C9008290F7 /* WorkTrackerUITests.swift in Sources */,
			);
			runOnlyForDeploymentPostprocessing = 0;
		};
/* End PBXSourcesBuildPhase section */

/* Begin PBXTargetDependency section */
		1796B3B52BC147C9008290F7 /* PBXTargetDependency */ = {
			isa = PBXTargetDependency;
			target = 1796B3992BC147C7008290F7 /* WorkTracker */;
			targetProxy = 1796B3B42BC147C9008290F7 /* PBXContainerItemProxy */;
		};
		1796B3BF2BC147C9008290F7 /* PBXTargetDependency */ = {
			isa = PBXTargetDependency;
			target = 1796B3992BC147C7008290F7 /* WorkTracker */;
			targetProxy = 1796B3BE2BC147C9008290F7 /* PBXContainerItemProxy */;
		};
/* End PBXTargetDependency section */

/* Begin PBXVariantGroup section */
		1796B3AB2BC147C9008290F7 /* LaunchScreen.storyboard */ = {
			isa = PBXVariantGroup;
			children = (
				1796B3AC2BC147C9008290F7 /* Base */,
			);
			name = LaunchScreen.storyboard;
			sourceTree = "<group>";
		};
/* End PBXVariantGroup section */

/* Begin XCBuildConfiguration section */
		1796B3C52BC147C9008290F7 /* Debug */ = {
			isa = XCBuildConfiguration;
			buildSettings = {
				ALWAYS_SEARCH_USER_PATHS = NO;
				ASSETCATALOG_COMPILER_GENERATE_SWIFT_ASSET_SYMBOL_EXTENSIONS = YES;
				CLANG_ANALYZER_NONNULL = YES;
				CLANG_ANALYZER_NUMBER_OBJECT_CONVERSION = YES_AGGRESSIVE;
				CLANG_CXX_LANGUAGE_STANDARD = "gnu++20";
				CLANG_ENABLE_MODULES = YES;
				CLANG_ENABLE_OBJC_ARC = YES;
				CLANG_ENABLE_OBJC_WEAK = YES;
				CLANG_WARN_BLOCK_CAPTURE_AUTORELEASING = YES;
				CLANG_WARN_BOOL_CONVERSION = YES;
				CLANG_WARN_COMMA = YES;
				CLANG_WARN_CONSTANT_CONVERSION = YES;
				CLANG_WARN_DEPRECATED_OBJC_IMPLEMENTATIONS = YES;
				CLANG_WARN_DIRECT_OBJC_ISA_USAGE = YES_ERROR;
				CLANG_WARN_DOCUMENTATION_COMMENTS = YES;
				CLANG_WARN_EMPTY_BODY = YES;
				CLANG_WARN_ENUM_CONVERSION = YES;
				CLANG_WARN_INFINITE_RECURSION = YES;
				CLANG_WARN_INT_CONVERSION = YES;
				CLANG_WARN_NON_LITERAL_NULL_CONVERSION = YES;
				CLANG_WARN_OBJC_IMPLICIT_RETAIN_SELF = YES;
				CLANG_WARN_OBJC_LITERAL_CONVERSION = YES;
				CLANG_WARN_OBJC_ROOT_CLASS = YES_ERROR;
				CLANG_WARN_QUOTED_INCLUDE_IN_FRAMEWORK_HEADER = YES;
				CLANG_WARN_RANGE_LOOP_ANALYSIS = YES;
				CLANG_WARN_STRICT_PROTOTYPES = YES;
				CLANG_WARN_SUSPICIOUS_MOVE = YES;
				CLANG_WARN_UNGUARDED_AVAILABILITY = YES_AGGRESSIVE;
				CLANG_WARN_UNREACHABLE_CODE = YES;
				CLANG_WARN__DUPLICATE_METHOD_MATCH = YES;
				COPY_PHASE_STRIP = NO;
				DEBUG_INFORMATION_FORMAT = dwarf;
				ENABLE_STRICT_OBJC_MSGSEND = YES;
				ENABLE_TESTABILITY = YES;
				ENABLE_USER_SCRIPT_SANDBOXING = YES;
				GCC_C_LANGUAGE_STANDARD = gnu17;
				GCC_DYNAMIC_NO_PIC = NO;
				GCC_NO_COMMON_BLOCKS = YES;
				GCC_OPTIMIZATION_LEVEL = 0;
				GCC_PREPROCESSOR_DEFINITIONS = (
					"DEBUG=1",
					"$(inherited)",
				);
				GCC_WARN_64_TO_32_BIT_CONVERSION = YES;
				GCC_WARN_ABOUT_RETURN_TYPE = YES_ERROR;
				GCC_WARN_UNDECLARED_SELECTOR = YES;
				GCC_WARN_UNINITIALIZED_AUTOS = YES_AGGRESSIVE;
				GCC_WARN_UNUSED_FUNCTION = YES;
				GCC_WARN_UNUSED_VARIABLE = YES;
				IPHONEOS_DEPLOYMENT_TARGET = 14.0;
				LOCALIZATION_PREFERS_STRING_CATALOGS = YES;
				MTL_ENABLE_DEBUG_INFO = INCLUDE_SOURCE;
				MTL_FAST_MATH = YES;
				ONLY_ACTIVE_ARCH = YES;
				SDKROOT = iphoneos;
				SWIFT_ACTIVE_COMPILATION_CONDITIONS = "DEBUG $(inherited)";
				SWIFT_OPTIMIZATION_LEVEL = "-Onone";
			};
			name = Debug;
		};
		1796B3C62BC147C9008290F7 /* Release */ = {
			isa = XCBuildConfiguration;
			buildSettings = {
				ALWAYS_SEARCH_USER_PATHS = NO;
				ASSETCATALOG_COMPILER_GENERATE_SWIFT_ASSET_SYMBOL_EXTENSIONS = YES;
				CLANG_ANALYZER_NONNULL = YES;
				CLANG_ANALYZER_NUMBER_OBJECT_CONVERSION = YES_AGGRESSIVE;
				CLANG_CXX_LANGUAGE_STANDARD = "gnu++20";
				CLANG_ENABLE_MODULES = YES;
				CLANG_ENABLE_OBJC_ARC = YES;
				CLANG_ENABLE_OBJC_WEAK = YES;
				CLANG_WARN_BLOCK_CAPTURE_AUTORELEASING = YES;
				CLANG_WARN_BOOL_CONVERSION = YES;
				CLANG_WARN_COMMA = YES;
				CLANG_WARN_CONSTANT_CONVERSION = YES;
				CLANG_WARN_DEPRECATED_OBJC_IMPLEMENTATIONS = YES;
				CLANG_WARN_DIRECT_OBJC_ISA_USAGE = YES_ERROR;
				CLANG_WARN_DOCUMENTATION_COMMENTS = YES;
				CLANG_WARN_EMPTY_BODY = YES;
				CLANG_WARN_ENUM_CONVERSION = YES;
				CLANG_WARN_INFINITE_RECURSION = YES;
				CLANG_WARN_INT_CONVERSION = YES;
				CLANG_WARN_NON_LITERAL_NULL_CONVERSION = YES;
				CLANG_WARN_OBJC_IMPLICIT_RETAIN_SELF = YES;
				CLANG_WARN_OBJC_LITERAL_CONVERSION = YES;
				CLANG_WARN_OBJC_ROOT_CLASS = YES_ERROR;
				CLANG_WARN_QUOTED_INCLUDE_IN_FRAMEWORK_HEADER = YES;
				CLANG_WARN_RANGE_LOOP_ANALYSIS = YES;
				CLANG_WARN_STRICT_PROTOTYPES = YES;
				CLANG_WARN_SUSPICIOUS_MOVE = YES;
				CLANG_WARN_UNGUARDED_AVAILABILITY = YES_AGGRESSIVE;
				CLANG_WARN_UNREACHABLE_CODE = YES;
				CLANG_WARN__DUPLICATE_METHOD_MATCH = YES;
				COPY_PHASE_STRIP = NO;
				DEBUG_INFORMATION_FORMAT = "dwarf-with-dsym";
				ENABLE_NS_ASSERTIONS = NO;
				ENABLE_STRICT_OBJC_MSGSEND = YES;
				ENABLE_USER_SCRIPT_SANDBOXING = YES;
				GCC_C_LANGUAGE_STANDARD = gnu17;
				GCC_NO_COMMON_BLOCKS = YES;
				GCC_WARN_64_TO_32_BIT_CONVERSION = YES;
				GCC_WARN_ABOUT_RETURN_TYPE = YES_ERROR;
				GCC_WARN_UNDECLARED_SELECTOR = YES;
				GCC_WARN_UNINITIALIZED_AUTOS = YES_AGGRESSIVE;
				GCC_WARN_UNUSED_FUNCTION = YES;
				GCC_WARN_UNUSED_VARIABLE = YES;
				IPHONEOS_DEPLOYMENT_TARGET = 14.0;
				LOCALIZATION_PREFERS_STRING_CATALOGS = YES;
				MTL_ENABLE_DEBUG_INFO = NO;
				MTL_FAST_MATH = YES;
				SDKROOT = iphoneos;
				SWIFT_COMPILATION_MODE = wholemodule;
				VALIDATE_PRODUCT = YES;
			};
			name = Release;
		};
		1796B3C82BC147C9008290F7 /* Debug */ = {
			isa = XCBuildConfiguration;
			buildSettings = {
				ASSETCATALOG_COMPILER_APPICON_NAME = AppIcon;
				ASSETCATALOG_COMPILER_GLOBAL_ACCENT_COLOR_NAME = AccentColor;
				CODE_SIGN_STYLE = Automatic;
				CURRENT_PROJECT_VERSION = 1;
				DEVELOPMENT_TEAM = Z96X7GW9YS;
				GENERATE_INFOPLIST_FILE = YES;
				INFOPLIST_FILE = WorkTracker/Config/Info.plist;
				INFOPLIST_KEY_NSBluetoothAlwaysUsageDescription = "for bluetooth";
				INFOPLIST_KEY_NSCameraUsageDescription = "for ML tool";
				INFOPLIST_KEY_NSFaceIDUsageDescription = "";
				INFOPLIST_KEY_NSLocalNetworkUsageDescription = "Доступ к Wi-Fi сети требуется для получения информации о текущем подключении";
				INFOPLIST_KEY_NSLocationAlwaysUsageDescription = "for loaction";
				INFOPLIST_KEY_NSLocationUsageDescription = "";
				INFOPLIST_KEY_NSLocationWhenInUseUsageDescription = "";
				INFOPLIST_KEY_UIApplicationSupportsIndirectInputEvents = YES;
				INFOPLIST_KEY_UILaunchStoryboardName = LaunchScreen;
				INFOPLIST_KEY_UISupportedInterfaceOrientations = UIInterfaceOrientationPortrait;
				INFOPLIST_KEY_UISupportedInterfaceOrientations_iPad = "UIInterfaceOrientationLandscapeLeft UIInterfaceOrientationLandscapeRight UIInterfaceOrientationPortrait UIInterfaceOrientationPortraitUpsideDown";
				LD_RUNPATH_SEARCH_PATHS = (
					"$(inherited)",
					"@executable_path/Frameworks",
				);
				MARKETING_VERSION = 1.0;
				PRODUCT_BUNDLE_IDENTIFIER = Andrey.WorkTracker;
				PRODUCT_NAME = "$(TARGET_NAME)";
				SWIFT_EMIT_LOC_STRINGS = YES;
				SWIFT_VERSION = 5.0;
				TARGETED_DEVICE_FAMILY = "1,2";
			};
			name = Debug;
		};
		1796B3C92BC147C9008290F7 /* Release */ = {
			isa = XCBuildConfiguration;
			buildSettings = {
				ASSETCATALOG_COMPILER_APPICON_NAME = AppIcon;
				ASSETCATALOG_COMPILER_GLOBAL_ACCENT_COLOR_NAME = AccentColor;
				CODE_SIGN_ENTITLEMENTS = WorkTracker/WorkTrackerRelease.entitlements;
				CODE_SIGN_STYLE = Automatic;
				CURRENT_PROJECT_VERSION = 1;
				DEVELOPMENT_TEAM = Z96X7GW9YS;
				GENERATE_INFOPLIST_FILE = YES;
				INFOPLIST_FILE = WorkTracker/Config/Info.plist;
				INFOPLIST_KEY_NSBluetoothAlwaysUsageDescription = "for bluetooth";
				INFOPLIST_KEY_NSCameraUsageDescription = "for ML tool";
				INFOPLIST_KEY_NSFaceIDUsageDescription = "";
				INFOPLIST_KEY_NSLocalNetworkUsageDescription = "Доступ к Wi-Fi сети требуется для получения информации о текущем подключении";
				INFOPLIST_KEY_NSLocationAlwaysUsageDescription = "for loaction";
				INFOPLIST_KEY_NSLocationUsageDescription = "";
				INFOPLIST_KEY_NSLocationWhenInUseUsageDescription = "";
				INFOPLIST_KEY_UIApplicationSupportsIndirectInputEvents = YES;
				INFOPLIST_KEY_UILaunchStoryboardName = LaunchScreen;
				INFOPLIST_KEY_UISupportedInterfaceOrientations = UIInterfaceOrientationPortrait;
				INFOPLIST_KEY_UISupportedInterfaceOrientations_iPad = "UIInterfaceOrientationLandscapeLeft UIInterfaceOrientationLandscapeRight UIInterfaceOrientationPortrait UIInterfaceOrientationPortraitUpsideDown";
				LD_RUNPATH_SEARCH_PATHS = (
					"$(inherited)",
					"@executable_path/Frameworks",
				);
				MARKETING_VERSION = 1.0;
				PRODUCT_BUNDLE_IDENTIFIER = Andrey.WorkTracker;
				PRODUCT_NAME = "$(TARGET_NAME)";
				SWIFT_EMIT_LOC_STRINGS = YES;
				SWIFT_VERSION = 5.0;
				TARGETED_DEVICE_FAMILY = "1,2";
			};
			name = Release;
		};
		1796B3CB2BC147C9008290F7 /* Debug */ = {
			isa = XCBuildConfiguration;
			buildSettings = {
				ALWAYS_EMBED_SWIFT_STANDARD_LIBRARIES = YES;
				BUNDLE_LOADER = "$(TEST_HOST)";
				CODE_SIGN_STYLE = Automatic;
				CURRENT_PROJECT_VERSION = 1;
				DEVELOPMENT_TEAM = Z96X7GW9YS;
				GENERATE_INFOPLIST_FILE = YES;
				IPHONEOS_DEPLOYMENT_TARGET = 17.4;
				MARKETING_VERSION = 1.0;
				PRODUCT_BUNDLE_IDENTIFIER = Andrey.WorkTrackerTests;
				PRODUCT_NAME = "$(TARGET_NAME)";
				SWIFT_EMIT_LOC_STRINGS = NO;
				SWIFT_VERSION = 5.0;
				TARGETED_DEVICE_FAMILY = "1,2";
				TEST_HOST = "$(BUILT_PRODUCTS_DIR)/WorkTracker.app/$(BUNDLE_EXECUTABLE_FOLDER_PATH)/WorkTracker";
			};
			name = Debug;
		};
		1796B3CC2BC147C9008290F7 /* Release */ = {
			isa = XCBuildConfiguration;
			buildSettings = {
				ALWAYS_EMBED_SWIFT_STANDARD_LIBRARIES = YES;
				BUNDLE_LOADER = "$(TEST_HOST)";
				CODE_SIGN_STYLE = Automatic;
				CURRENT_PROJECT_VERSION = 1;
				DEVELOPMENT_TEAM = Z96X7GW9YS;
				GENERATE_INFOPLIST_FILE = YES;
				IPHONEOS_DEPLOYMENT_TARGET = 17.4;
				MARKETING_VERSION = 1.0;
				PRODUCT_BUNDLE_IDENTIFIER = Andrey.WorkTrackerTests;
				PRODUCT_NAME = "$(TARGET_NAME)";
				SWIFT_EMIT_LOC_STRINGS = NO;
				SWIFT_VERSION = 5.0;
				TARGETED_DEVICE_FAMILY = "1,2";
				TEST_HOST = "$(BUILT_PRODUCTS_DIR)/WorkTracker.app/$(BUNDLE_EXECUTABLE_FOLDER_PATH)/WorkTracker";
			};
			name = Release;
		};
		1796B3CE2BC147C9008290F7 /* Debug */ = {
			isa = XCBuildConfiguration;
			buildSettings = {
				ALWAYS_EMBED_SWIFT_STANDARD_LIBRARIES = YES;
				CODE_SIGN_STYLE = Automatic;
				CURRENT_PROJECT_VERSION = 1;
				DEVELOPMENT_TEAM = Z96X7GW9YS;
				GENERATE_INFOPLIST_FILE = YES;
				MARKETING_VERSION = 1.0;
				PRODUCT_BUNDLE_IDENTIFIER = Andrey.WorkTrackerUITests;
				PRODUCT_NAME = "$(TARGET_NAME)";
				SWIFT_EMIT_LOC_STRINGS = NO;
				SWIFT_VERSION = 5.0;
				TARGETED_DEVICE_FAMILY = "1,2";
				TEST_TARGET_NAME = WorkTracker;
			};
			name = Debug;
		};
		1796B3CF2BC147C9008290F7 /* Release */ = {
			isa = XCBuildConfiguration;
			buildSettings = {
				ALWAYS_EMBED_SWIFT_STANDARD_LIBRARIES = YES;
				CODE_SIGN_STYLE = Automatic;
				CURRENT_PROJECT_VERSION = 1;
				DEVELOPMENT_TEAM = Z96X7GW9YS;
				GENERATE_INFOPLIST_FILE = YES;
				MARKETING_VERSION = 1.0;
				PRODUCT_BUNDLE_IDENTIFIER = Andrey.WorkTrackerUITests;
				PRODUCT_NAME = "$(TARGET_NAME)";
				SWIFT_EMIT_LOC_STRINGS = NO;
				SWIFT_VERSION = 5.0;
				TARGETED_DEVICE_FAMILY = "1,2";
				TEST_TARGET_NAME = WorkTracker;
			};
			name = Release;
		};
/* End XCBuildConfiguration section */

/* Begin XCConfigurationList section */
		1796B3952BC147C7008290F7 /* Build configuration list for PBXProject "WorkTracker" */ = {
			isa = XCConfigurationList;
			buildConfigurations = (
				1796B3C52BC147C9008290F7 /* Debug */,
				1796B3C62BC147C9008290F7 /* Release */,
			);
			defaultConfigurationIsVisible = 0;
			defaultConfigurationName = Release;
		};
		1796B3C72BC147C9008290F7 /* Build configuration list for PBXNativeTarget "WorkTracker" */ = {
			isa = XCConfigurationList;
			buildConfigurations = (
				1796B3C82BC147C9008290F7 /* Debug */,
				1796B3C92BC147C9008290F7 /* Release */,
			);
			defaultConfigurationIsVisible = 0;
			defaultConfigurationName = Release;
		};
		1796B3CA2BC147C9008290F7 /* Build configuration list for PBXNativeTarget "WorkTrackerTests" */ = {
			isa = XCConfigurationList;
			buildConfigurations = (
				1796B3CB2BC147C9008290F7 /* Debug */,
				1796B3CC2BC147C9008290F7 /* Release */,
			);
			defaultConfigurationIsVisible = 0;
			defaultConfigurationName = Release;
		};
		1796B3CD2BC147C9008290F7 /* Build configuration list for PBXNativeTarget "WorkTrackerUITests" */ = {
			isa = XCConfigurationList;
			buildConfigurations = (
				1796B3CE2BC147C9008290F7 /* Debug */,
				1796B3CF2BC147C9008290F7 /* Release */,
			);
			defaultConfigurationIsVisible = 0;
			defaultConfigurationName = Release;
		};
/* End XCConfigurationList section */

/* Begin XCRemoteSwiftPackageReference section */
		172DF5D82BC86BB200E4AA0C /* XCRemoteSwiftPackageReference "PostgresClientKit" */ = {
			isa = XCRemoteSwiftPackageReference;
			repositoryURL = "https://github.com/codewinsdotcom/PostgresClientKit";
			requirement = {
				branch = master;
				kind = branch;
			};
		};
		1773172A2BC58216000E828C /* XCRemoteSwiftPackageReference "lottie-spm" */ = {
			isa = XCRemoteSwiftPackageReference;
			repositoryURL = "https://github.com/airbnb/lottie-spm.git";
			requirement = {
				kind = upToNextMajorVersion;
				minimumVersion = 4.4.2;
			};
		};
		1796B3FD2BC15C85008290F7 /* XCRemoteSwiftPackageReference "firebase-ios-sdk" */ = {
			isa = XCRemoteSwiftPackageReference;
			repositoryURL = "https://github.com/firebase/firebase-ios-sdk";
			requirement = {
				kind = upToNextMajorVersion;
				minimumVersion = 10.23.1;
			};
		};
/* End XCRemoteSwiftPackageReference section */

/* Begin XCSwiftPackageProductDependency section */
		172DF5D92BC86BB200E4AA0C /* PostgresClientKit */ = {
			isa = XCSwiftPackageProductDependency;
			package = 172DF5D82BC86BB200E4AA0C /* XCRemoteSwiftPackageReference "PostgresClientKit" */;
			productName = PostgresClientKit;
		};
		1773172B2BC58216000E828C /* Lottie */ = {
			isa = XCSwiftPackageProductDependency;
			package = 1773172A2BC58216000E828C /* XCRemoteSwiftPackageReference "lottie-spm" */;
			productName = Lottie;
		};
		1796B3FE2BC15C85008290F7 /* FirebaseAuth */ = {
			isa = XCSwiftPackageProductDependency;
			package = 1796B3FD2BC15C85008290F7 /* XCRemoteSwiftPackageReference "firebase-ios-sdk" */;
			productName = FirebaseAuth;
		};
		1796B4002BC15C85008290F7 /* FirebaseDatabase */ = {
			isa = XCSwiftPackageProductDependency;
			package = 1796B3FD2BC15C85008290F7 /* XCRemoteSwiftPackageReference "firebase-ios-sdk" */;
			productName = FirebaseDatabase;
		};
		1796B4022BC15C85008290F7 /* FirebaseFirestore */ = {
			isa = XCSwiftPackageProductDependency;
			package = 1796B3FD2BC15C85008290F7 /* XCRemoteSwiftPackageReference "firebase-ios-sdk" */;
			productName = FirebaseFirestore;
		};
		1796B4042BC15C85008290F7 /* FirebaseStorage */ = {
			isa = XCSwiftPackageProductDependency;
			package = 1796B3FD2BC15C85008290F7 /* XCRemoteSwiftPackageReference "firebase-ios-sdk" */;
			productName = FirebaseStorage;
		};
/* End XCSwiftPackageProductDependency section */

/* Begin XCVersionGroup section */
		1796B3A62BC147C7008290F7 /* WorkTracker.xcdatamodeld */ = {
			isa = XCVersionGroup;
			children = (
				1796B3A72BC147C7008290F7 /* WorkTracker.xcdatamodel */,
			);
			currentVersion = 1796B3A72BC147C7008290F7 /* WorkTracker.xcdatamodel */;
			path = WorkTracker.xcdatamodeld;
			sourceTree = "<group>";
			versionGroupType = wrapper.xcdatamodel;
		};
/* End XCVersionGroup section */
	};
	rootObject = 1796B3922BC147C7008290F7 /* Project object */;
}
